GIT
  remote: https://github.com/k8s-ruby/k8s-ruby.git
  revision: b034ac3e1d3c431d1c0db41c56c0736f8367dc30
  branch: master
  specs:
    k8s-ruby (0.16.0)
      base64
      dry-configurable
      dry-struct
      dry-types
      excon (~> 0.71)
      hashdiff (~> 1.0)
      jsonpath (~> 1.1)
      recursive-open-struct (~> 1.1, >= 1.1.3)
      yajl-ruby (~> 1.4)
      yaml-safe_load_stream3

GEM
  remote: https://rubygems.org/
  specs:
    StreetAddress (1.0.6)
    actioncable (7.1.5.1)
      actionpack (= 7.1.5.1)
      activesupport (= 7.1.5.1)
      nio4r (~> 2.0)
      websocket-driver (>= 0.6.1)
      zeitwerk (~> 2.6)
    actionmailbox (7.1.5.1)
      actionpack (= 7.1.5.1)
      activejob (= 7.1.5.1)
      activerecord (= 7.1.5.1)
      activestorage (= 7.1.5.1)
      activesupport (= 7.1.5.1)
      mail (>= 2.7.1)
      net-imap
      net-pop
      net-smtp
    actionmailer (7.1.5.1)
      actionpack (= 7.1.5.1)
      actionview (= 7.1.5.1)
      activejob (= 7.1.5.1)
      activesupport (= 7.1.5.1)
      mail (~> 2.5, >= 2.5.4)
      net-imap
      net-pop
      net-smtp
      rails-dom-testing (~> 2.2)
    actionpack (7.1.5.1)
      actionview (= 7.1.5.1)
      activesupport (= 7.1.5.1)
      nokogiri (>= 1.8.5)
      racc
      rack (>= 2.2.4)
      rack-session (>= 1.0.1)
      rack-test (>= 0.6.3)
      rails-dom-testing (~> 2.2)
      rails-html-sanitizer (~> 1.6)
    actiontext (7.1.5.1)
      actionpack (= 7.1.5.1)
      activerecord (= 7.1.5.1)
      activestorage (= 7.1.5.1)
      activesupport (= 7.1.5.1)
      globalid (>= 0.6.0)
      nokogiri (>= 1.8.5)
    actionview (7.1.5.1)
      activesupport (= 7.1.5.1)
      builder (~> 3.1)
      erubi (~> 1.11)
      rails-dom-testing (~> 2.2)
      rails-html-sanitizer (~> 1.6)
    active_record_distinct_on (1.6.0)
      activerecord (>= 6.1, < 7.2)
    active_record_query_trace (1.8.3)
      activerecord (>= 6.0.0)
    activejob (7.1.5.1)
      activesupport (= 7.1.5.1)
      globalid (>= 0.3.6)
    activemodel (7.1.5.1)
      activesupport (= 7.1.5.1)
    activerecord (7.1.5.1)
      activemodel (= 7.1.5.1)
      activesupport (= 7.1.5.1)
      timeout (>= 0.4.0)
    activerecord-import (1.6.0)
      activerecord (>= 4.2)
    activerecord-session_store (2.2.0)
      actionpack (>= 7.0)
      activerecord (>= 7.0)
      cgi (>= 0.3.6)
      rack (>= 2.0.8, < 4)
      railties (>= 7.0)
    activestorage (7.1.5.1)
      actionpack (= 7.1.5.1)
      activejob (= 7.1.5.1)
      activerecord (= 7.1.5.1)
      activesupport (= 7.1.5.1)
      marcel (~> 1.0)
    activesupport (7.1.5.1)
      base64
      benchmark (>= 0.3)
      bigdecimal
      concurrent-ruby (~> 1.0, >= 1.0.2)
      connection_pool (>= 2.2.5)
      drb
      i18n (>= 1.6, < 2)
      logger (>= 1.4.2)
      minitest (>= 5.1)
      mutex_m
      securerandom (>= 0.3)
      tzinfo (~> 2.0)
    addressable (2.8.7)
      public_suffix (>= 2.0.2, < 7.0)
    airbrussh (1.5.2)
      sshkit (>= 1.6.1, != 1.7.0)
    ajax_modal_rails (1.0.12)
      rails (>= 4)
    amazing_print (1.7.2)
    ansi (1.5.0)
    anyway_config (2.7.2)
      ruby-next-core (~> 1.0)
    ast (2.4.3)
    attribute_normalizer (1.2.0)
    authtrail (0.5.0)
      railties (>= 6.1)
      warden
    auto-session-timeout (1.1)
      actionpack (>= 3.2, < 7.2)
    autoprefixer-rails (10.4.16.0)
      execjs (~> 2)
    aws-eventstream (1.3.0)
    aws-partitions (1.916.0)
    aws-record (2.13.0)
      aws-sdk-dynamodb (~> 1, >= 1.85.0)
    aws-sdk-autoscaling (1.106.0)
      aws-sdk-core (~> 3, >= 3.191.0)
      aws-sigv4 (~> 1.1)
    aws-sdk-cloudwatch (1.89.0)
      aws-sdk-core (~> 3, >= 3.191.0)
      aws-sigv4 (~> 1.1)
    aws-sdk-cloudwatchevents (1.70.0)
      aws-sdk-core (~> 3, >= 3.191.0)
      aws-sigv4 (~> 1.1)
    aws-sdk-cloudwatchlogs (1.80.0)
      aws-sdk-core (~> 3, >= 3.191.0)
      aws-sigv4 (~> 1.1)
    aws-sdk-core (3.192.1)
      aws-eventstream (~> 1, >= 1.3.0)
      aws-partitions (~> 1, >= 1.651.0)
      aws-sigv4 (~> 1.8)
      jmespath (~> 1, >= 1.6.1)
    aws-sdk-dynamodb (1.106.0)
      aws-sdk-core (~> 3, >= 3.191.0)
      aws-sigv4 (~> 1.1)
    aws-sdk-ec2 (1.450.0)
      aws-sdk-core (~> 3, >= 3.191.0)
      aws-sigv4 (~> 1.1)
    aws-sdk-ecr (1.69.0)
      aws-sdk-core (~> 3, >= 3.191.0)
      aws-sigv4 (~> 1.1)
    aws-sdk-ecs (1.145.0)
      aws-sdk-core (~> 3, >= 3.191.0)
      aws-sigv4 (~> 1.1)
    aws-sdk-elasticloadbalancingv2 (1.100.0)
      aws-sdk-core (~> 3, >= 3.191.0)
      aws-sigv4 (~> 1.1)
    aws-sdk-glacier (1.59.0)
      aws-sdk-core (~> 3, >= 3.191.0)
      aws-sigv4 (~> 1.1)
    aws-sdk-iam (1.96.0)
      aws-sdk-core (~> 3, >= 3.191.0)
      aws-sigv4 (~> 1.1)
    aws-sdk-kms (1.79.0)
      aws-sdk-core (~> 3, >= 3.191.0)
      aws-sigv4 (~> 1.1)
    aws-sdk-rails (3.12.0)
      aws-record (~> 2)
      aws-sdk-ses (~> 1, >= 1.50.0)
      aws-sdk-sesv2 (~> 1, >= 1.34.0)
      aws-sdk-sqs (~> 1, >= 1.56.0)
      aws-sessionstore-dynamodb (~> 2)
      concurrent-ruby (~> 1)
      railties (>= 5.2.0)
    aws-sdk-rds (1.226.0)
      aws-sdk-core (~> 3, >= 3.191.0)
      aws-sigv4 (~> 1.1)
    aws-sdk-s3 (1.147.0)
      aws-sdk-core (~> 3, >= 3.192.0)
      aws-sdk-kms (~> 1)
      aws-sigv4 (~> 1.8)
    aws-sdk-secretsmanager (1.91.0)
      aws-sdk-core (~> 3, >= 3.191.0)
      aws-sigv4 (~> 1.1)
    aws-sdk-ses (1.60.0)
      aws-sdk-core (~> 3, >= 3.191.0)
      aws-sigv4 (~> 1.1)
    aws-sdk-sesv2 (1.45.0)
      aws-sdk-core (~> 3, >= 3.191.0)
      aws-sigv4 (~> 1.1)
    aws-sdk-sns (1.73.0)
      aws-sdk-core (~> 3, >= 3.191.0)
      aws-sigv4 (~> 1.1)
    aws-sdk-sqs (1.70.0)
      aws-sdk-core (~> 3, >= 3.191.0)
      aws-sigv4 (~> 1.1)
    aws-sdk-ssm (1.166.0)
      aws-sdk-core (~> 3, >= 3.191.0)
      aws-sigv4 (~> 1.1)
    aws-sessionstore-dynamodb (2.2.0)
      aws-sdk-dynamodb (~> 1, >= 1.85.0)
      rack (>= 2, < 4)
      rack-session (>= 1, < 3)
    aws-sigv4 (1.8.0)
      aws-eventstream (~> 1, >= 1.0.2)
    axiom-types (0.1.1)
      descendants_tracker (~> 0.0.4)
      ice_nine (~> 0.11.0)
      thread_safe (~> 0.3, >= 0.3.1)
    babel-source (5.8.35)
    babel-transpiler (0.7.0)
      babel-source (>= 4.0, < 6)
      execjs (~> 2.0)
    base64 (0.2.0)
    bcrypt (3.1.20)
    benchmark (0.4.0)
    bigdecimal (3.1.9)
    bindex (0.8.1)
    bootsnap (1.18.4)
      msgpack (~> 1.2)
    bootstrap (4.3.1)
      autoprefixer-rails (>= 9.1.0)
      popper_js (>= 1.14.3, < 2)
      sassc-rails (>= 2.0.0)
    bootstrap3-datetimepicker-rails (4.17.47)
      momentjs-rails (>= 2.8.1)
    brakeman (7.0.2)
      racc
    browser (5.3.1)
    builder (3.3.0)
    bundler-audit (0.9.2)
      bundler (>= 1.2.0, < 3)
      thor (~> 1.0)
    byebug (12.0.0)
    capistrano (3.18.1)
      airbrussh (>= 1.0.0)
      i18n
      rake (>= 10.0.0)
      sshkit (>= 1.9.0)
    capistrano-bundler (2.1.0)
      capistrano (~> 3.1)
    capistrano-passenger (0.2.1)
      capistrano (~> 3.0)
    capistrano-rails (1.6.3)
      capistrano (~> 3.1)
      capistrano-bundler (>= 1.1, < 3)
    capistrano-rvm (0.1.2)
      capistrano (~> 3.0)
      sshkit (~> 1.2)
    capybara (3.40.0)
      addressable
      matrix
      mini_mime (>= 0.1.3)
      nokogiri (~> 1.11)
      rack (>= 1.6.0)
      rack-test (>= 0.6.3)
      regexp_parser (>= 1.5, < 3.0)
      xpath (~> 3.2)
    carrierwave (3.0.7)
      activemodel (>= 6.0.0)
      activesupport (>= 6.0.0)
      addressable (~> 2.6)
      image_processing (~> 1.1)
      marcel (~> 1.0.0)
      ssrf_filter (~> 1.0)
    carrierwave-i18n (3.0.0)
      carrierwave (>= 3.0.0, < 4)
    caxlsx (4.1.0)
      htmlentities (~> 4.3, >= 4.3.4)
      marcel (~> 1.0)
      nokogiri (~> 1.10, >= 1.10.4)
      rubyzip (>= 1.3.0, < 3)
    caxlsx_rails (0.6.3)
      actionpack (>= 3.1)
      caxlsx (>= 3.0)
    cgi (0.4.2)
    childprocess (5.0.0)
    chronic (0.10.2)
    coderay (1.1.3)
    coercible (1.0.0)
      descendants_tracker (~> 0.0.1)
    coffee-rails (5.0.0)
      coffee-script (>= 2.2.0)
      railties (>= 5.2.0)
    coffee-script (2.4.1)
      coffee-script-source
      execjs
    coffee-script-source (1.12.2)
    concurrent-ruby (1.3.5)
    connection_pool (2.5.3)
    crass (1.0.6)
    csv (3.3.2)
    daemons (1.4.1)
    date (3.4.1)
    delayed_job (4.1.13)
      activesupport (>= 3.0, < 9.0)
    delayed_job_active_record (4.1.8)
      activerecord (>= 3.0, < 8.0)
      delayed_job (>= 3.0, < 5)
    deprecation_toolkit (2.2.0)
      activesupport (>= 6.1)
    descendants_tracker (0.0.4)
      thread_safe (~> 0.3, >= 0.3.1)
    devise (4.9.4)
      bcrypt (~> 3.0)
      orm_adapter (~> 0.1)
      railties (>= 4.1.0)
      responders
      warden (~> 1.2.3)
    devise-pwned_password (0.1.11)
      devise (~> 4)
      pwned (~> 2.4)
    devise-security (0.18.0)
      devise (>= 4.3.0)
    devise_invitable (2.0.9)
      actionmailer (>= 5.0)
      devise (>= 4.6)
    diff-lcs (1.6.1)
    dotenv (3.1.0)
    dotenv-rails (3.1.0)
      dotenv (= 3.1.0)
      railties (>= 6.1)
    drb (2.2.3)
    dry-configurable (1.3.0)
      dry-core (~> 1.1)
      zeitwerk (~> 2.6)
    dry-core (1.1.0)
      concurrent-ruby (~> 1.0)
      logger
      zeitwerk (~> 2.6)
    dry-inflector (1.2.0)
    dry-initializer (3.2.0)
    dry-logic (1.6.0)
      bigdecimal
      concurrent-ruby (~> 1.0)
      dry-core (~> 1.1)
      zeitwerk (~> 2.6)
    dry-struct (1.7.1)
      dry-core (~> 1.1)
      dry-types (~> 1.8, >= 1.8.2)
      ice_nine (~> 0.11)
      zeitwerk (~> 2.6)
    dry-types (1.8.2)
      bigdecimal (~> 3.0)
      concurrent-ruby (~> 1.0)
      dry-core (~> 1.0)
      dry-inflector (~> 1.0)
      dry-logic (~> 1.4)
      zeitwerk (~> 2.6)
    erubi (1.13.1)
    erubis (2.7.0)
    excon (0.112.0)
    execjs (2.10.0)
    factory_bot (6.5.1)
      activesupport (>= 6.1.0)
    factory_bot_rails (6.4.4)
      factory_bot (~> 6.5)
      railties (>= 5.0.0)
    faker (3.5.1)
      i18n (>= 1.8.11, < 2)
    ffi (1.16.3)
    font-awesome-sass (6.5.2)
      sassc (~> 2.0)
    fuzzy_match (2.1.0)
    geocoder (1.8.2)
    globalid (1.2.1)
      activesupport (>= 6.1)
    haml (6.3.0)
      temple (>= 0.8.2)
      thor
      tilt
    haml-rails (2.1.0)
      actionpack (>= 5.1)
      activesupport (>= 5.1)
      haml (>= 4.0.6)
      railties (>= 5.1)
    handlebars_assets (0.23.9)
      execjs (~> 2.0)
      sprockets (>= 2.0.0)
      tilt (>= 1.2)
    hashdiff (1.1.2)
    html2haml (2.3.0)
      erubis (~> 2.7.0)
      haml (>= 4.0)
      nokogiri (>= 1.6.0)
      ruby_parser (~> 3.5)
    htmlentities (4.3.4)
    i18n (1.14.7)
      concurrent-ruby (~> 1.0)
    ice_nine (0.11.2)
    image_processing (1.12.2)
      mini_magick (>= 4.9.5, < 5)
      ruby-vips (>= 2.0.17, < 3)
    iniparse (1.5.0)
    io-console (0.8.0)
    irb (1.15.2)
      pp (>= 0.6.0)
      rdoc (>= 4.0.0)
      reline (>= 0.4.2)
    jmespath (1.6.2)
    jquery-rails (4.6.0)
      rails-dom-testing (>= 1, < 3)
      railties (>= 4.2.0)
      thor (>= 0.14, < 2.0)
    json (2.12.2)
    jsonpath (1.1.5)
      multi_json
    kaminari (1.2.2)
      activesupport (>= 4.1.0)
      kaminari-actionview (= 1.2.2)
      kaminari-activerecord (= 1.2.2)
      kaminari-core (= 1.2.2)
    kaminari-actionview (1.2.2)
      actionview
      kaminari-core (= 1.2.2)
    kaminari-activerecord (1.2.2)
      activerecord
      kaminari-core (= 1.2.2)
    kaminari-core (1.2.2)
    language_server-protocol (3.17.0.5)
    lint_roller (1.1.0)
    logger (1.7.0)
    lograge (0.14.0)
      actionpack (>= 4)
      activesupport (>= 4)
      railties (>= 4)
      request_store (~> 1.0)
    logstop (0.3.1)
    loofah (2.24.0)
      crass (~> 1.0.2)
      nokogiri (>= 1.12.0)
    mail (2.8.1)
      mini_mime (>= 0.1.1)
      net-imap
      net-pop
      net-smtp
    marcel (1.0.4)
    marginalia (1.11.1)
      actionpack (>= 5.2)
      activerecord (>= 5.2)
    matrix (0.4.2)
    maxminddb (0.1.22)
    memery (1.5.0)
      ruby2_keywords (~> 0.0.2)
    method_source (1.1.0)
    mini_magick (4.12.0)
    mini_mime (1.1.5)
    mini_portile2 (2.8.9)
    minitest (5.25.5)
    minitest-reporters (1.6.1)
      ansi
      builder
      minitest (>= 5.0)
      ruby-progressbar
    momentjs-rails (2.29.4.1)
      railties (>= 3.1)
    msgpack (1.8.0)
    multi_json (1.15.0)
    mutex_m (0.3.0)
    net-http (0.4.1)
      uri
    net-imap (0.5.8)
      date
      net-protocol
    net-pop (0.1.2)
      net-protocol
    net-protocol (0.2.2)
      timeout
    net-scp (4.1.0)
      net-ssh (>= 2.6.5, < 8.0.0)
    net-sftp (4.0.0)
      net-ssh (>= 5.0.0, < 8.0.0)
    net-smtp (0.5.0)
      net-protocol
    net-ssh (7.3.0)
    nio4r (2.7.4)
    nokogiri (1.18.9)
      mini_portile2 (~> 2.8.2)
      racc (~> 1.4)
    order_as_specified (1.7)
      activerecord (>= 5.0.0)
    orm_adapter (0.5.0)
    ostruct (0.6.1)
    overcommit (0.63.0)
      childprocess (>= 0.6.3, < 6)
      iniparse (~> 1.4)
      rexml (~> 3.2)
    pagy (8.6.3)
    paper_trail (16.0.0)
      activerecord (>= 6.1)
      request_store (~> 1.4)
    parallel (1.27.0)
    paranoia (3.0.1)
      activerecord (>= 6, < 8.1)
    parser (3.3.8.0)
      ast (~> 2.4.1)
      racc
    pg (1.5.9)
    popper_js (1.16.1)
    pp (0.6.2)
      prettyprint
    pretender (0.5.0)
      actionpack (>= 6.1)
    prettyprint (0.2.0)
    prism (1.4.0)
    prometheus-client (4.2.4)
      base64
    pry (0.15.2)
      coderay (~> 1.1)
      method_source (~> 1.0)
    pry-byebug (3.11.0)
      byebug (~> 12.0)
      pry (>= 0.13, < 0.16)
    pry-rails (0.3.11)
      pry (>= 0.13.0)
    psych (5.2.3)
      date
      stringio
    public_suffix (6.0.1)
    puma (6.6.0)
      nio4r (~> 2.0)
    pwned (2.4.1)
    racc (1.8.1)
    rack (3.1.16)
    rack-mini-profiler (3.3.1)
      rack (>= 1.2.0)
    rack-session (2.1.1)
      base64 (>= 0.1.0)
      rack (>= 3.0.0)
    rack-test (2.2.0)
      rack (>= 1.3)
    rackup (2.2.1)
      rack (>= 3)
    rails (7.1.5.1)
      actioncable (= 7.1.5.1)
      actionmailbox (= 7.1.5.1)
      actionmailer (= 7.1.5.1)
      actionpack (= 7.1.5.1)
      actiontext (= 7.1.5.1)
      actionview (= 7.1.5.1)
      activejob (= 7.1.5.1)
      activemodel (= 7.1.5.1)
      activerecord (= 7.1.5.1)
      activestorage (= 7.1.5.1)
      activesupport (= 7.1.5.1)
      bundler (>= 1.15.0)
      railties (= 7.1.5.1)
    rails-controller-testing (1.0.5)
      actionpack (>= 5.0.1.rc1)
      actionview (>= 5.0.1.rc1)
      activesupport (>= 5.0.1.rc1)
    rails-dom-testing (2.2.0)
      activesupport (>= 5.0.0)
      minitest
      nokogiri (>= 1.6)
    rails-html-sanitizer (1.6.2)
      loofah (~> 2.21)
      nokogiri (>= 1.15.7, != 1.16.7, != 1.16.6, != 1.16.5, != 1.16.4, != 1.16.3, != 1.16.2, != 1.16.1, != 1.16.0.rc1, != 1.16.0)
    railties (7.1.5.1)
      actionpack (= 7.1.5.1)
      activesupport (= 7.1.5.1)
      irb
      rackup (>= 1.0.0)
      rake (>= 12.2)
      thor (~> 1.0, >= 1.2.2)
      zeitwerk (~> 2.6)
    rainbow (3.1.1)
    rake (13.2.1)
    rdoc (6.13.1)
      psych (>= 4.0.0)
    recursive-open-struct (1.3.1)
      ostruct
    redcarpet (3.6.0)
    redis (5.4.0)
      redis-client (>= 0.22.0)
    redis-client (0.24.0)
      connection_pool
    regexp_parser (2.10.0)
    reline (0.6.1)
      io-console (~> 0.5)
    request_store (1.7.0)
      rack (>= 1.4)
    responders (3.1.1)
      actionpack (>= 5.2)
      railties (>= 5.2)
    rexml (3.3.9)
    roda (3.85.0)
      rack
    roo (2.10.1)
      nokogiri (~> 1)
      rubyzip (>= 1.3.0, < 3.0.0)
    rspec-core (3.13.3)
      rspec-support (~> 3.13.0)
    rspec-expectations (3.13.3)
      diff-lcs (>= 1.2.0, < 2.0)
      rspec-support (~> 3.13.0)
    rspec-mocks (3.13.2)
      diff-lcs (>= 1.2.0, < 2.0)
      rspec-support (~> 3.13.0)
    rspec-rails (7.1.1)
      actionpack (>= 7.0)
      activesupport (>= 7.0)
      railties (>= 7.0)
      rspec-core (~> 3.13)
      rspec-expectations (~> 3.13)
      rspec-mocks (~> 3.13)
      rspec-support (~> 3.13)
    rspec-support (3.13.2)
    rubocop (1.75.7)
      json (~> 2.3)
      language_server-protocol (~> 3.17.0.2)
      lint_roller (~> 1.1.0)
      parallel (~> 1.10)
      parser (>= 3.3.0.2)
      rainbow (>= 2.2.2, < 4.0)
      regexp_parser (>= 2.9.3, < 3.0)
      rubocop-ast (>= 1.44.0, < 2.0)
      ruby-progressbar (~> 1.7)
      unicode-display_width (>= 2.4.0, < 4.0)
    rubocop-ast (1.44.1)
      parser (>= 3.3.7.2)
      prism (~> 1.4)
    rubocop-faker (1.3.0)
      faker (>= 2.12.0)
      lint_roller (~> 1.1)
      rubocop (>= 1.72.1)
    rubocop-rails (2.32.0)
      activesupport (>= 4.2.0)
      lint_roller (~> 1.1)
      rack (>= 1.1)
      rubocop (>= 1.75.0, < 2.0)
      rubocop-ast (>= 1.44.0, < 2.0)
    rubocop-rspec (3.6.0)
      lint_roller (~> 1.1)
      rubocop (~> 1.72, >= 1.72.1)
    ruby-filemagic (0.7.3)
    ruby-next-core (1.1.1)
    ruby-prof (1.7.1)
    ruby-progressbar (1.13.0)
    ruby-vips (2.2.1)
      ffi (~> 1.12)
    ruby2_keywords (0.0.5)
    ruby_parser (3.21.0)
      racc (~> 1.5)
      sexp_processor (~> 4.16)
    rubyzip (2.4.1)
    sassc (2.4.0)
      ffi (~> 1.9)
    sassc-rails (2.1.2)
      railties (>= 4.0.0)
      sassc (>= 2.0)
      sprockets (> 3.0)
      sprockets-rails
      tilt
    securerandom (0.4.1)
    sentry-rails (5.23.0)
      railties (>= 5.0)
      sentry-ruby (~> 5.23.0)
    sentry-ruby (5.23.0)
      bigdecimal
      concurrent-ruby (~> 1.0, >= 1.0.2)
    sexp_processor (4.17.3)
    shoulda-matchers (6.4.0)
      activesupport (>= 5.2.0)
    simple_form (5.3.1)
      actionpack (>= 5.2)
      activemodel (>= 5.2)
    simpleidn (0.2.1)
      unf (~> 0.1.4)
    slack-notifier (2.4.0)
    sprockets (4.2.2)
      concurrent-ruby (~> 1.0)
      logger
      rack (>= 2.2.4, < 4)
    sprockets-rails (3.5.2)
      actionpack (>= 6.1)
      activesupport (>= 6.1)
      sprockets (>= 3.0.0)
    sshkit (1.24.0)
      base64
      logger
      net-scp (>= 1.1.2)
      net-sftp (>= 2.1.2)
      net-ssh (>= 2.8.0)
      ostruct
    ssrf_filter (1.2.0)
    stringio (3.1.7)
    temple (0.10.3)
    terser (1.2.5)
      execjs (>= 0.3.0, < 3)
    thor (1.3.2)
    thread_safe (0.3.6)
    tilt (2.6.0)
    timeout (0.4.3)
    todo_or_die (0.1.1)
    tzinfo (2.0.6)
      concurrent-ruby (~> 1.0)
    unf (0.1.4)
      unf_ext
    unf_ext (0.0.9.1)
    unicode-display_width (3.1.4)
      unicode-emoji (~> 4.0, >= 4.0.4)
    unicode-emoji (4.0.4)
    uri (1.0.3)
    validate_url (1.0.15)
      activemodel (>= 3.0.0)
      public_suffix
    validates_email_format_of (1.8.2)
      i18n (>= 0.8.0)
      simpleidn
    virtus (2.0.0)
      axiom-types (~> 0.1)
      coercible (~> 1.0)
      descendants_tracker (~> 0.0, >= 0.0.3)
    warden (1.2.9)
      rack (>= 2.0.9)
    warning (1.5.0)
    web-console (4.2.1)
      actionview (>= 6.0.0)
      activemodel (>= 6.0.0)
      bindex (>= 0.4.0)
      railties (>= 6.0.0)
    websocket-driver (0.7.7)
      base64
      websocket-extensions (>= 0.1.0)
    websocket-extensions (0.1.5)
    whenever (1.0.0)
      chronic (>= 0.6.3)
    with_advisory_lock (5.1.0)
      activerecord (>= 6.1)
      zeitwerk (>= 2.6)
    xlsxtream (2.4.0)
      zip_tricks (>= 4.5, < 6)
    xpath (3.2.0)
      nokogiri (~> 1.8)
    yabeda (0.13.1)
      anyway_config (>= 1.0, < 3)
      concurrent-ruby
      dry-initializer
    yabeda-prometheus (0.9.1)
      prometheus-client (>= 3.0, < 5.0)
      rack
      yabeda (~> 0.10)
    yabeda-puma-plugin (0.7.1)
      json
      puma
      yabeda (~> 0.5)
    yabeda-rails (0.9.0)
      activesupport
      anyway_config (>= 1.3, < 3)
      railties
      yabeda (~> 0.8)
    yajl-ruby (1.4.3)
    yaml-safe_load_stream3 (0.1.2)
    zeitwerk (2.7.2)
    zip_tricks (5.6.0)

PLATFORMS
  ruby

DEPENDENCIES
  StreetAddress
  active_record_distinct_on
  active_record_query_trace
  activerecord-import
  activerecord-session_store
  ajax_modal_rails (~> 1.0)
  amazing_print
  attribute_normalizer
  authtrail
  auto-session-timeout
  autoprefixer-rails
  aws-sdk-autoscaling (~> 1)
  aws-sdk-cloudwatch
  aws-sdk-cloudwatchevents (~> 1)
  aws-sdk-cloudwatchlogs
  aws-sdk-ec2 (~> 1)
  aws-sdk-ecr (~> 1)
  aws-sdk-ecs (~> 1)
  aws-sdk-elasticloadbalancingv2 (~> 1)
  aws-sdk-glacier (~> 1)
  aws-sdk-iam (~> 1)
  aws-sdk-rails
  aws-sdk-rds (~> 1)
  aws-sdk-s3 (~> 1)
  aws-sdk-secretsmanager (~> 1)
  aws-sdk-ses (~> 1)
  aws-sdk-sns
  aws-sdk-ssm (~> 1)
  babel-transpiler
  bcrypt
  benchmark
  bootsnap
  bootstrap (~> 4.3.1)
  bootstrap3-datetimepicker-rails (~> 4.17.42)
  brakeman
  browser
  bundler-audit
  capistrano
  capistrano-bundler
  capistrano-passenger
  capistrano-rails
  capistrano-rvm
  capybara
  carrierwave (>= 2.2.5)
  carrierwave-i18n
  caxlsx
  caxlsx_rails
  coffee-rails
  csv
  daemons
  delayed_job_active_record
  deprecation_toolkit
  devise (~> 4)
  devise-pwned_password
  devise-security
  devise_invitable (>= 2.0.9)
  dotenv-rails
  drb
  execjs
  factory_bot_rails
  faker
  font-awesome-sass
  fuzzy_match
  geocoder
  haml-rails
  handlebars_assets
  html2haml
  irb
  jquery-rails
  json
  k8s-ruby!
  kaminari
  lograge
  logstop
  loofah
  marginalia
  maxminddb
  memery
  mini_magick
  mini_portile2
  minitest-reporters
  momentjs-rails (>= 2.9.0)
  mutex_m
  net-http
  nokogiri
  order_as_specified
  overcommit
  pagy (~> 8.2)
  paper_trail
  paranoia
  pg (~> 1.1)
  pretender
  pry-byebug
  pry-rails
  puma (~> 6)
  rack
  rack-mini-profiler
  rails (~> 7.1.0)
  rails-controller-testing
  rails-html-sanitizer
  rdoc
  redcarpet
  redis
  reline
  responders
  roda
  roo
  rspec-mocks
  rspec-rails
  rubocop
  rubocop-faker
  rubocop-rails
  rubocop-rspec
  ruby-filemagic
  ruby-prof
  ruby_parser
  sentry-rails (~> 5.5)
  shoulda-matchers
  simple_form
  slack-notifier
  sprockets-rails
  terser
  todo_or_die
  tzinfo (>= 1.2.10)
  validate_url
  validates_email_format_of
  virtus
  warning
  web-console
  whenever
  with_advisory_lock
  xlsxtream
  yabeda-prometheus
  yabeda-puma-plugin
  yabeda-rails

CHECKSUMS
  StreetAddress (1.0.6) sha256=f20ae18894af4263be479cad7de4307d7babb6ac3a89607ed55bcca67c33cd6f
  actioncable (7.1.5.1) sha256=764637b5b2d97b94e412d562c177bfd16b0fd769d55c98846362f5263e8aaa0d
  actionmailbox (7.1.5.1) sha256=c3c20589fe43e6fa88bba2d76a6f9805ffdd02531f4a9a4af8197d59f5a5360a
  actionmailer (7.1.5.1) sha256=b213d6d880b23b093ccfef3b4f87a3d27e4666442f71b5b634b2d19e19a49759
  actionpack (7.1.5.1) sha256=2bc263d9f43f16cc3b3360f59659ab11f140577602f371f1a968e2672b38d718
  actiontext (7.1.5.1) sha256=b8e261cfad5bc6a78b3f15be5e7c7f32190041b3dc6f027a3a353b4392d2f7ec
  actionview (7.1.5.1) sha256=8c559a213501798e29b50b5341a643a70bbf6fa0aa2abaf571d0efc59dc4f6aa
  active_record_distinct_on (1.6.0) sha256=fca6b290a7202f887b1840b265db7f5fd19c935d4ec3b2aac7ca9cdc68bdb9ad
  active_record_query_trace (1.8.3) sha256=e48859e6f1cfe54f8dad000f25ea7e3ec15b169a365c32c09b76f7765f160b7b
  activejob (7.1.5.1) sha256=7633376c857f4c491d06b5a7f5d86d9f07afc595398354a3f1abe80eb7e35767
  activemodel (7.1.5.1) sha256=74727466854a7fbdfe8f2702ca3112b23877500d4926bf7e02e921ad542191f1
  activerecord (7.1.5.1) sha256=f40ad1609bf33b9ba5bdc4e16d80a77b1517153234ceb413d31d635d7b91f1e3
  activerecord-import (1.6.0) sha256=b1704a8bcd47888d1adb249a302ba21fd0ec8e28123d8d66b6552ea8c4d94fb9
  activerecord-session_store (2.2.0) sha256=65918054573683bf4f87af89e765e1fece14c9d71cfac1f11abe4687c96e2743
  activestorage (7.1.5.1) sha256=ae6b8b076858c666eaad6f896d786b67654235e861e24a83f61f1cc97b43ff63
  activesupport (7.1.5.1) sha256=9f0c482e473b9868cb3dfe3e9db549a3bd2302c02e4f595a5caac144a8c7cfb8
  addressable (2.8.7) sha256=462986537cf3735ab5f3c0f557f14155d778f4b43ea4f485a9deb9c8f7c58232
  airbrussh (1.5.2) sha256=96dc392771df52411d6014e0a18ed4ad60b2bbfbaf2265ddca9bc15f44fd6a08
  ajax_modal_rails (1.0.12) sha256=d386142f420d83d6d2fc2253ff98e3e80233caf0613a5235e989af679afb436d
  amazing_print (1.7.2) sha256=c89a1dfe4f8508c1e780871d51b8786efd100f625201f6e1d18a0d4dedaac702
  ansi (1.5.0) sha256=5408253274e33d9d27d4a98c46d2998266fd51cba58a7eb9d08f50e57ed23592
  anyway_config (2.7.2) sha256=30f6b087c0b41afdd43fe46c81d65a16f052a8489dab453abaeb4ea67aa74bad
  ast (2.4.3) sha256=954615157c1d6a382bc27d690d973195e79db7f55e9765ac7c481c60bdb4d383
  attribute_normalizer (1.2.0) sha256=580df3f316d7f0a2cc068fd655377f4769848643328d0c6c6c685ea98ac181c4
  authtrail (0.5.0) sha256=adeab5e6480f2bffe7532e952d4dc088569bf7a4c42d97c7737b7ebda59a768b
  auto-session-timeout (1.1) sha256=c6e83ae904bc8ade0b74d448674a4478b52903501f0a63dc50c98289e77c45d3
  autoprefixer-rails (10.4.16.0) sha256=40c4b14d6f26f66026cd0d4631baf18d6c56aab425b36059c8abbda17f19a706
  aws-eventstream (1.3.0) sha256=f1434cc03ab2248756eb02cfa45e900e59a061d7fbdc4a9fd82a5dd23d796d3f
  aws-partitions (1.916.0) sha256=9ffa41e8563da988310100df5fca5f2a4e3c46331440256a37a784e512cc34be
  aws-record (2.13.0) sha256=53879371db0865b452a047c30c63ee443a22a068c801c49955b27b7ef4cc2ef9
  aws-sdk-autoscaling (1.106.0) sha256=e2f367a77a99bb161aeb8712a28c2b36084cf2d1ff65a161a79b6c941d29df00
  aws-sdk-cloudwatch (1.89.0) sha256=d5414b3725a1a6e872477a0a26d82152cedf84407933e090cef806baac7da477
  aws-sdk-cloudwatchevents (1.70.0) sha256=c037aacb28793df1b9713481c2f47e1516a0fa7386758401381312b38d06efa4
  aws-sdk-cloudwatchlogs (1.80.0) sha256=cf55753e298f92d109e44ea3e7b5906eee8d6698c4199ebedb7a68cf536f5022
  aws-sdk-core (3.192.1) sha256=c02612fe14a4a5a79d58d173d0f5d67f9ecd162c9f2dd5cfaa73509e66cfe8c2
  aws-sdk-dynamodb (1.106.0) sha256=affb32367b5ebdaf4ec86f366a36ae44a440a07e225ac7c66315f1bfeaab177d
  aws-sdk-ec2 (1.450.0) sha256=c4654f28cf1896d9b2a8edc15a1b7dc24d6a238906ed1482625c8a901c963280
  aws-sdk-ecr (1.69.0) sha256=6d99e2a67621fce65e17d26dca93866ea3cb6314cb4fcdf59ce942df25349204
  aws-sdk-ecs (1.145.0) sha256=b33d5790deffb408b97a1c8e123ca8e97d8da9570861944c8d41356a9821e288
  aws-sdk-elasticloadbalancingv2 (1.100.0) sha256=d6e0fb51a36640ef97ba7443771ca3499fa4d53b8e89add63cd3b8ff5e13a322
  aws-sdk-glacier (1.59.0) sha256=98f4c97018d02b60992cd4fc2b23747bfce2460190a66de3cc0aed248417df0d
  aws-sdk-iam (1.96.0) sha256=f48454d10ac57dd7800996e8374925c78d4e7df263b1f02f41994395a89a9b7d
  aws-sdk-kms (1.79.0) sha256=5c21460bc50fbde3a9c745b29f47370801f1bb697bf2965bc13a16d70d0060b1
  aws-sdk-rails (3.12.0) sha256=cfe2a80dcd69325512aaea3f2ebabf9ffb2e1824032121e7213231ef82ffc2d2
  aws-sdk-rds (1.226.0) sha256=8dca3406eee8ece60b4051367303991f510230b1dd0ac9dac4b7feb2af9ec558
  aws-sdk-s3 (1.147.0) sha256=367753c25d98b8019932d403d3ec56def51e70be917a2612d762a369ca167c45
  aws-sdk-secretsmanager (1.91.0) sha256=c3ce1fbdffee9a523cbd376493f9f1a7dd2b6337e6e18084c578b787570955c7
  aws-sdk-ses (1.60.0) sha256=ef0d0d2c5f72ff0c98f736c0dd63de65f615ca2c0a5f8d66daeb4ed7222aaf1e
  aws-sdk-sesv2 (1.45.0) sha256=b5e5e4f56b4b1403d612c607ae9f8eec3ab60d5f5cc92bb29a9a0a386f6f13c2
  aws-sdk-sns (1.73.0) sha256=fd9cd206bd2cb92d27ac7e14f9574e8d8dbee2d0a289df43677f08f6206de280
  aws-sdk-sqs (1.70.0) sha256=56067fc1fbca504ab038ce3c15808ef59824b6782d36278c8adb50c919d9ac3a
  aws-sdk-ssm (1.166.0) sha256=48276867d61d71a43cb39da8f7f819d25cd70a653b9ce4a3577202353f682a37
  aws-sessionstore-dynamodb (2.2.0) sha256=def51891ea61061596b8fcafb78dc1f8cd08610a3fb0d4df5256bcc7ff5bcd0c
  aws-sigv4 (1.8.0) sha256=84dd99768b91b93b63d1d8e53ee837cfd06ab402812772a7899a78f9f9117cbc
  axiom-types (0.1.1) sha256=c1ff113f3de516fa195b2db7e0a9a95fd1b08475a502ff660d04507a09980383
  babel-source (5.8.35) sha256=79ef222a9dcb867ac2efa3b0da35b4bcb15a4bfa67b6b2dcbf1e9a29104498d9
  babel-transpiler (0.7.0) sha256=4c06f4ad9e8e1cabe94f99e11df2f140bb72aca9ba067dbb49dc14d9b98d1570
  base64 (0.2.0) sha256=0f25e9b21a02a0cc0cea8ef92b2041035d39350946e8789c562b2d1a3da01507
  bcrypt (3.1.20) sha256=8410f8c7b3ed54a3c00cd2456bf13917d695117f033218e2483b2e40b0784099
  benchmark (0.4.0) sha256=0f12f8c495545e3710c3e4f0480f63f06b4c842cc94cec7f33a956f5180e874a
  bigdecimal (3.1.9) sha256=2ffc742031521ad69c2dfc815a98e426a230a3d22aeac1995826a75dabfad8cc
  bindex (0.8.1) sha256=7b1ecc9dc539ed8bccfc8cb4d2732046227b09d6f37582ff12e50a5047ceb17e
  bootsnap (1.18.4) sha256=ac4c42af397f7ee15521820198daeff545e4c360d2772c601fbdc2c07d92af55
  bootstrap (4.3.1) sha256=f0ec38008cdc2c8e1d1be06cc273560e2554e93d7040b8757499fdf87f4c47c1
  bootstrap3-datetimepicker-rails (4.17.47) sha256=ee87a9bad74c140729f6a1ea2a7f3f2d9aaefa7e9defbe31b4edd27ff64689a2
  brakeman (7.0.2) sha256=b602d91bcec6c5ce4d4bc9e081e01f621c304b7a69f227d1e58784135f333786
  browser (5.3.1) sha256=62745301701ff2c6c5d32d077bb12532b20be261929dcb52c6781ed0d5658b3c
  builder (3.3.0) sha256=497918d2f9dca528fdca4b88d84e4ef4387256d984b8154e9d5d3fe5a9c8835f
  bundler-audit (0.9.2) sha256=73051daa09865c436450a35c4d87ceef15f3f9777f4aad4fd015cc6f1f2b1048
  byebug (12.0.0) sha256=d4a150d291cca40b66ec9ca31f754e93fed8aa266a17335f71bb0afa7fca1a1e
  capistrano (3.18.1) sha256=348593cff0a81cff4a4ddfef025a16b284f697ed6daa985083b4ca4f9664ba5f
  capistrano-bundler (2.1.0) sha256=249473398f0cacf643dbd54db02b7a302b76c11cd7302d16ac2727e5c26a3627
  capistrano-passenger (0.2.1) sha256=07a1d25edd5c1d909c19d4fe45fe2ea5f11200569f6967f6bff1d605ade98e13
  capistrano-rails (1.6.3) sha256=a7cfb325e5618c8afae4c1147b70a4f83d00fa730f7a09f5ff4d7d8f893f9316
  capistrano-rvm (0.1.2) sha256=4adb7ffd98d2c1335b597b063e1e6cafd9dd2d6ecc9d358bf78100aad8475e97
  capybara (3.40.0) sha256=42dba720578ea1ca65fd7a41d163dd368502c191804558f6e0f71b391054aeef
  carrierwave (3.0.7) sha256=feaf484453f7bbb8655b45042224738d5356a331b16d4df293511e8b0f8ef06e
  carrierwave-i18n (3.0.0) sha256=0919a1ddf294700b28097c433a6496fc874dd0a8c36b35b85b1f2e18236ba641
  caxlsx (4.1.0) sha256=47d0f6d8d72c570c02bbc5c0dd74d47a420bf3b202d020e105bf9d6cda298f1a
  caxlsx_rails (0.6.3) sha256=fe84fc69e6e578e6dcfde9de5219877075b3e64334c294a44605e69166deb36c
  cgi (0.4.2) sha256=a3cb190d46a820ca01a3e28bd5b64e67003ff99d7884b70512448566f35347e6
  childprocess (5.0.0) sha256=0746b7ab1d6c68156e64a3767631d7124121516192c0492929a7f0af7310d835
  chronic (0.10.2) sha256=766f2fcce6ac3cc152249ed0f2b827770d3e517e2e87c5fba7ed74f4889d2dc3
  coderay (1.1.3) sha256=dc530018a4684512f8f38143cd2a096c9f02a1fc2459edcfe534787a7fc77d4b
  coercible (1.0.0) sha256=5081ad24352cc8435ce5472bc2faa30260c7ea7f2102cc6a9f167c4d9bffaadc
  coffee-rails (5.0.0) sha256=5daaa1ba51fd4907c98a333b6a9e7c1a99b1fff57fcef999b6c62d813cb91a9c
  coffee-script (2.4.1) sha256=82fe281e11b93c8117b98c5ea8063e71741870f1c4fbb27177d7d6333dd38765
  coffee-script-source (1.12.2) sha256=e12b16fd8927fbbf8b87cb2e9a85a6cf457c6881cc7ff8b1af15b31f70da07a4
  concurrent-ruby (1.3.5) sha256=813b3e37aca6df2a21a3b9f1d497f8cbab24a2b94cab325bffe65ee0f6cbebc6
  connection_pool (2.5.3) sha256=cfd74a82b9b094d1ce30c4f1a346da23ee19dc8a062a16a85f58eab1ced4305b
  crass (1.0.6) sha256=dc516022a56e7b3b156099abc81b6d2b08ea1ed12676ac7a5657617f012bd45d
  csv (3.3.2) sha256=6ff0c135e65e485d1864dde6c1703b60d34cc9e19bed8452834a0b28a519bd4e
  daemons (1.4.1) sha256=8fc76d76faec669feb5e455d72f35bd4c46dc6735e28c420afb822fac1fa9a1d
  date (3.4.1) sha256=bf268e14ef7158009bfeaec40b5fa3c7271906e88b196d958a89d4b408abe64f
  delayed_job (4.1.13) sha256=4941e64c646b8349279fd6a98f699fd3725c79fc8dab8edf78b6da61c8853bbb
  delayed_job_active_record (4.1.8) sha256=aea9ffee50b07d95ef11a0e07ebb8c136d3cfe69d9b1895afb0ac66656d100ad
  deprecation_toolkit (2.2.0) sha256=858055baa699d9efc7bb407f621a5c1f350cd4f6c782577500a6b671ac370653
  descendants_tracker (0.0.4) sha256=e9c41dd4cfbb85829a9301ea7e7c48c2a03b26f09319db230e6479ccdc780897
  devise (4.9.4) sha256=920042fe5e704c548aa4eb65ebdd65980b83ffae67feb32c697206bfd975a7f8
  devise-pwned_password (0.1.11) sha256=f3984ad4855f1a315107262abfe5f1ba35fe9622151ccdd4b36ae8da4457daa4
  devise-security (0.18.0) sha256=fc06be1624b5151044ff9c5d8e61abdfa7d56eb16bfdaec16a11235d54708513
  devise_invitable (2.0.9) sha256=d726c724ecc3481211f73752ed5020088e080c7fe9ef0b3899ece5b15056902e
  diff-lcs (1.6.1) sha256=12a5a83f3e37a8e2f4427268e305914d5f1879f22b4e73bb1a09f76a3dd86cd4
  dotenv (3.1.0) sha256=8b7e682e197dbaa69bd5660cc18bc821e8152e1bb2b3c02e32f2be718fd8b2b4
  dotenv-rails (3.1.0) sha256=d2e1bc7bf39acf7f135920c81306b1eb7dbfa27a4577fce7665488d77d7fe719
  drb (2.2.3) sha256=0b00d6fdb50995fe4a45dea13663493c841112e4068656854646f418fda13373
  dry-configurable (1.3.0) sha256=882d862858567fc1210d2549d4c090f34370fc1bb7c5c1933de3fe792e18afa8
  dry-core (1.1.0) sha256=0903821a9707649a7da545a2cd88e20f3a663ab1c5288abd7f914fa7751ab195
  dry-inflector (1.2.0) sha256=22f5d0b50fd57074ae57e2ca17e3b300e57564c218269dcf82ff3e42d3f38f2e
  dry-initializer (3.2.0) sha256=37d59798f912dc0a1efe14a4db4a9306989007b302dcd5f25d0a2a20c166c4e3
  dry-logic (1.6.0) sha256=da6fedbc0f90fc41f9b0cc7e6f05f5d529d1efaef6c8dcc8e0733f685745cea2
  dry-struct (1.7.1) sha256=4200913a24a36932d531d726a00067f727b4bd03d511d267f58ba3a86bee53ae
  dry-types (1.8.2) sha256=c84e9ada69419c727c3b12e191e0ed7d2c6d58d040d55e79ea16e0ebf8b3ec0f
  erubi (1.13.1) sha256=a082103b0885dbc5ecf1172fede897f9ebdb745a4b97a5e8dc63953db1ee4ad9
  erubis (2.7.0) sha256=63653f5174a7997f6f1d6f465fbe1494dcc4bdab1fb8e635f6216989fb1148ba
  excon (0.112.0) sha256=daf9ac3a4c2fc9aa48383a33da77ecb44fa395111e973084d5c52f6f214ae0f0
  execjs (2.10.0) sha256=6bcb8be8f0052ff9d370b65d1c080f2406656e150452a0abdb185a133048450d
  factory_bot (6.5.1) sha256=40581ea7bec0aee05514b8f4f99ed477274bdf1884c1372de5209e60322d6ca9
  factory_bot_rails (6.4.4) sha256=139e17caa2c50f098fddf5e5e1f29e8067352024e91ca1186d018b36589e5c88
  faker (3.5.1) sha256=1ad1fbea279d882f486059c23fe3ddb816ccd1d7052c05a45014b4450d859bfc
  ffi (1.16.3) sha256=6d3242ff10c87271b0675c58d68d3f10148fabc2ad6da52a18123f06078871fb
  font-awesome-sass (6.5.2) sha256=ff93d432dae13498a63a4a1062e93c75b668459b2ded35223ff6cbcd88ffedde
  fuzzy_match (2.1.0) sha256=e97e25d0eaee48a5f77ed970d007c7b6ff3c6a6858303fead2d1986859204dfc
  geocoder (1.8.2) sha256=4cba205c9ac2367465742eb9f2d2479389392e3b8dabe9d183082330b0c71488
  globalid (1.2.1) sha256=70bf76711871f843dbba72beb8613229a49429d1866828476f9c9d6ccc327ce9
  haml (6.3.0) sha256=8e6eb87d869639e348852009e74a2a1663d79663ed7e7dbcb38beb1f12bcdd97
  haml-rails (2.1.0) sha256=273ba0189e2f82ce4b2385019dd9138884017e3103cc2eaebeee7f45186f59ea
  handlebars_assets (0.23.9) sha256=d6bb35289e6166c01839a4d866cdf90ec33d901a16a86b97be1189c4de38c062
  hashdiff (1.1.2) sha256=2c30eeded6ed3dce8401d2b5b99e6963fe5f14ed85e60dd9e33c545a44b71a77
  html2haml (2.3.0) sha256=b587eaf532609642fc3b5c2b35861e8c9e15e72e0355b93bbcfee1e3ae088127
  htmlentities (4.3.4) sha256=125a73c6c9f2d1b62100b7c3c401e3624441b663762afa7fe428476435a673da
  i18n (1.14.7) sha256=ceba573f8138ff2c0915427f1fc5bdf4aa3ab8ae88c8ce255eb3ecf0a11a5d0f
  ice_nine (0.11.2) sha256=5d506a7d2723d5592dc121b9928e4931742730131f22a1a37649df1c1e2e63db
  image_processing (1.12.2) sha256=d3b9e9c5a1cc2607a5214cc28b90d317a03bdd06239584c97535dd73e46f62b8
  iniparse (1.5.0) sha256=36a165e98d8a250b7631c4a7f9afba32af78f089970cd6446a39771189c761f1
  io-console (0.8.0) sha256=cd6a9facbc69871d69b2cb8b926fc6ea7ef06f06e505e81a64f14a470fddefa2
  irb (1.15.2) sha256=222f32952e278da34b58ffe45e8634bf4afc2dc7aa9da23fed67e581aa50fdba
  jmespath (1.6.2) sha256=238d774a58723d6c090494c8879b5e9918c19485f7e840f2c1c7532cf84ebcb1
  jquery-rails (4.6.0) sha256=3c4e6bf47274340b44d836b8aa1b5472c6d451e2739af5ec094421f39025a7e2
  json (2.12.2) sha256=ba94a48ad265605c8fa9a50a5892f3ba6a02661aa010f638211f3cb36f44abf4
  jsonpath (1.1.5) sha256=29f70467193a2dc93ab864ec3d3326d54267961acc623f487340eb9c34931dbe
  k8s-ruby (0.16.0)
  kaminari (1.2.2) sha256=c4076ff9adccc6109408333f87b5c4abbda5e39dc464bd4c66d06d9f73442a3e
  kaminari-actionview (1.2.2) sha256=1330f6fc8b59a4a4ef6a549ff8a224797289ebf7a3a503e8c1652535287cc909
  kaminari-activerecord (1.2.2) sha256=0dd3a67bab356a356f36b3b7236bcb81cef313095365befe8e98057dd2472430
  kaminari-core (1.2.2) sha256=3bd26fec7370645af40ca73b9426a448d09b8a8ba7afa9ba3c3e0d39cdbb83ff
  language_server-protocol (3.17.0.5) sha256=fd1e39a51a28bf3eec959379985a72e296e9f9acfce46f6a79d31ca8760803cc
  lint_roller (1.1.0) sha256=2c0c845b632a7d172cb849cc90c1bce937a28c5c8ccccb50dfd46a485003cc87
  logger (1.7.0) sha256=196edec7cc44b66cfb40f9755ce11b392f21f7967696af15d274dde7edff0203
  lograge (0.14.0) sha256=42371a75823775f166f727639f5ddce73dd149452a55fc94b90c303213dc9ae1
  logstop (0.3.1) sha256=962055e109a74375c68f2bd2cbfe0b7b326939463242dc6c591235610c9b32a3
  loofah (2.24.0) sha256=61e6a710883abb8210887f3dc868cf3ed66594c509d9ff6987621efa6651ee1e
  mail (2.8.1) sha256=ec3b9fadcf2b3755c78785cb17bc9a0ca9ee9857108a64b6f5cfc9c0b5bfc9ad
  marcel (1.0.4) sha256=0d5649feb64b8f19f3d3468b96c680bae9746335d02194270287868a661516a4
  marginalia (1.11.1) sha256=cb63212ab63e42746e27595e912cb20408a1a28bcd0edde55d15b7c45fa289cf
  matrix (0.4.2) sha256=71083ccbd67a14a43bfa78d3e4dc0f4b503b9cc18e5b4b1d686dc0f9ef7c4cc0
  maxminddb (0.1.22) sha256=50933be438fbed9dceabef4163eab41884bd8830d171fdb8f739bee769c4907e
  memery (1.5.0) sha256=a088ea778afbc25cba652e73db7389fe3b3ec210d137cd303d0e48690543618e
  method_source (1.1.0) sha256=181301c9c45b731b4769bc81e8860e72f9161ad7d66dd99103c9ab84f560f5c5
  mini_magick (4.12.0) sha256=67302fa84e63f1002b71416a8466968ed0f33d22f5d42962a0c09a9f1c3a906a
  mini_mime (1.1.5) sha256=8681b7e2e4215f2a159f9400b5816d85e9d8c6c6b491e96a12797e798f8bccef
  mini_portile2 (2.8.9) sha256=0cd7c7f824e010c072e33f68bc02d85a00aeb6fce05bb4819c03dfd3c140c289
  minitest (5.25.5) sha256=391b6c6cb43a4802bfb7c93af1ebe2ac66a210293f4a3fb7db36f2fc7dc2c756
  minitest-reporters (1.6.1) sha256=f8fe74e46ab40dada29402f55ca236368d0af65afc410db4219189b7a1c0fc38
  momentjs-rails (2.29.4.1) sha256=c7f9bc583872b628f8723319f4ae12a646c858c1c3ddb352bc75d5a7aa0b9e01
  msgpack (1.8.0) sha256=e64ce0212000d016809f5048b48eb3a65ffb169db22238fb4b72472fecb2d732
  multi_json (1.15.0) sha256=1fd04138b6e4a90017e8d1b804c039031399866ff3fbabb7822aea367c78615d
  mutex_m (0.3.0) sha256=cfcb04ac16b69c4813777022fdceda24e9f798e48092a2b817eb4c0a782b0751
  net-http (0.4.1) sha256=a96efc5ea18bcb9715e24dda4159d10f67ff0345c8a980d04630028055b2c282
  net-imap (0.5.8) sha256=52aa5fdfc1a8a3df1f793b20a327e95b5a9dfe1d733e1f0d53075d2dbcfcf593
  net-pop (0.1.2) sha256=848b4e982013c15b2f0382792268763b748cce91c9e91e36b0f27ed26420dff3
  net-protocol (0.2.2) sha256=aa73e0cba6a125369de9837b8d8ef82a61849360eba0521900e2c3713aa162a8
  net-scp (4.1.0) sha256=a99b0b92a1e5d360b0de4ffbf2dc0c91531502d3d4f56c28b0139a7c093d1a5d
  net-sftp (4.0.0) sha256=65bb91c859c2f93b09826757af11b69af931a3a9155050f50d1b06d384526364
  net-smtp (0.5.0) sha256=5fc0415e6ea1cc0b3dfea7270438ec22b278ca8d524986a3ae4e5ae8d087b42a
  net-ssh (7.3.0) sha256=172076c4b30ce56fb25a03961b0c4da14e1246426401b0f89cba1a3b54bf3ef0
  nio4r (2.7.4) sha256=d95dee68e0bb251b8ff90ac3423a511e3b784124e5db7ff5f4813a220ae73ca9
  nokogiri (1.18.9) sha256=ac5a7d93fd0e3cef388800b037407890882413feccca79eb0272a2715a82fa33
  order_as_specified (1.7) sha256=5e4016542f0bda13bc21821021199192567c32823a22f6962bc16b3dc254ce13
  orm_adapter (0.5.0) sha256=aa5d0be5d540cbb46d3a93e88061f4ece6a25f6e97d6a47122beb84fe595e9b9
  ostruct (0.6.1) sha256=09a3fb7ecc1fa4039f25418cc05ae9c82bd520472c5c6a6f515f03e4988cb817
  overcommit (0.63.0) sha256=d42e63eb8bfbca0dbcf5adef5264c77dd5f1981f128fed7f9bd7f668252ec414
  pagy (8.6.3) sha256=537b2ee3119f237dd6c4a0d0a35c67a77b9d91ebb9d4f85e31407c2686774fb2
  paper_trail (16.0.0) sha256=e9b9f0fb1b8b590c8231cfa931b282ba92f90e066e393930a5e1c61ae4c5019d
  parallel (1.27.0) sha256=4ac151e1806b755fb4e2dc2332cbf0e54f2e24ba821ff2d3dcf86bf6dc4ae130
  paranoia (3.0.1) sha256=cdb50c4c5c66f61fd1354f26371a8f0ca6d60156215bebffff42e135c495d083
  parser (3.3.8.0) sha256=2476364142b307fa5a1b1ece44f260728be23858a9c71078e956131a75453c45
  pg (1.5.9) sha256=761efbdf73b66516f0c26fcbe6515dc7500c3f0aa1a1b853feae245433c64fdc
  popper_js (1.16.1) sha256=6b102fb5ee86c5fa68a0c865547e66d9bf7e80a951053b21c72c3c92a587d692
  pp (0.6.2) sha256=947ec3120c6f92195f8ee8aa25a7b2c5297bb106d83b41baa02983686577b6ff
  pretender (0.5.0) sha256=02120f25bc1c2b98468e136cec9e841360935dcc291158195b0cd073ff8fad77
  prettyprint (0.2.0) sha256=2bc9e15581a94742064a3cc8b0fb9d45aae3d03a1baa6ef80922627a0766f193
  prism (1.4.0) sha256=dc0e3e00e93160213dc2a65519d9002a4a1e7b962db57d444cf1a71565bb703e
  prometheus-client (4.2.4) sha256=d126a024ea068273008c2789bf2be87067fa5eb030f7540fe5d1a02260bbfe2f
  pry (0.15.2) sha256=12d54b8640d3fa29c9211dd4ffb08f3fd8bf7a4fd9b5a73ce5b59c8709385b6b
  pry-byebug (3.11.0) sha256=0b0abb7d309bc7f00044d512a3c8567274f7012b944b38becc8440439a1cea72
  pry-rails (0.3.11) sha256=a69e28e24a34d75d1f60bcf241192a54253f8f7ef8a62cba1e75750a9653593d
  psych (5.2.3) sha256=84a54bb952d14604fea22d99938348814678782f58b12648fcdfa4d2fce859ee
  public_suffix (6.0.1) sha256=61d44e1cab5cbbbe5b31068481cf16976dd0dc1b6b07bd95617ef8c5e3e00c6f
  puma (6.6.0) sha256=f25c06873eb3d5de5f0a4ebc783acc81a4ccfe580c760cfe323497798018ad87
  pwned (2.4.1) sha256=e375b45e1cd78aded2c923737f75e09e64bc66582142c144bd85f4ce1fa0955d
  racc (1.8.1) sha256=4a7f6929691dbec8b5209a0b373bc2614882b55fc5d2e447a21aaa691303d62f
  rack (3.1.16) sha256=efb5606c351efc56b85b10c3493055d0d35209d23f44792ec4e1183eb0234635
  rack-mini-profiler (3.3.1) sha256=2bf0de7d5795f54581e453b248e42cc50e8d0529efac73828653a9ad2407a801
  rack-session (2.1.1) sha256=0b6dc07dea7e4b583f58a48e8b806d4c9f1c6c9214ebc202ec94562cbea2e4e9
  rack-test (2.2.0) sha256=005a36692c306ac0b4a9350355ee080fd09ddef1148a5f8b2ac636c720f5c463
  rackup (2.2.1) sha256=f737191fd5c5b348b7f0a4412a3b86383f88c43e13b8217b63d4c8d90b9e798d
  rails (7.1.5.1) sha256=05aea2ed7b6392b41ce0fc11455de118455025a431b6ea334a7ac2b101608804
  rails-controller-testing (1.0.5) sha256=741448db59366073e86fc965ba403f881c636b79a2c39a48d0486f2607182e94
  rails-dom-testing (2.2.0) sha256=e515712e48df1f687a1d7c380fd7b07b8558faa26464474da64183a7426fa93b
  rails-html-sanitizer (1.6.2) sha256=35fce2ca8242da8775c83b6ba9c1bcaad6751d9eb73c1abaa8403475ab89a560
  railties (7.1.5.1) sha256=0be15562e2ded4efdc1b6c30f884b6d838c9ba49573dde042334b752b043e2fb
  rainbow (3.1.1) sha256=039491aa3a89f42efa1d6dec2fc4e62ede96eb6acd95e52f1ad581182b79bc6a
  rake (13.2.1) sha256=46cb38dae65d7d74b6020a4ac9d48afed8eb8149c040eccf0523bec91907059d
  rdoc (6.13.1) sha256=62a0dac99493c94e8eb7a3fb44e55aefcb4cecb119f7991f25bddc5ed8d472f7
  recursive-open-struct (1.3.1) sha256=141b4a9c8817bb30f4275c5adb1b5bebaba41bf9b7dd6d6a75ad394390ad8720
  redcarpet (3.6.0) sha256=8ad1889c0355ff4c47174af14edd06d62f45a326da1da6e8a121d59bdcd2e9e9
  redis (5.4.0) sha256=798900d869418a9fc3977f916578375b45c38247a556b61d58cba6bb02f7d06b
  redis-client (0.24.0) sha256=ee65ee39cb2c38608b734566167fd912384f3c1241f59075e22858f23a085dbb
  regexp_parser (2.10.0) sha256=cb6f0ddde88772cd64bff1dbbf68df66d376043fe2e66a9ef77fcb1b0c548c61
  reline (0.6.1) sha256=1afcc9d7cb1029cdbe780d72f2f09251ce46d3780050f3ec39c3ccc6b60675fb
  request_store (1.7.0) sha256=e1b75d5346a315f452242a68c937ef8e48b215b9453a77a6c0acdca2934c88cb
  responders (3.1.1) sha256=92f2a87e09028347368639cfb468f5fefa745cb0dc2377ef060db1cdd79a341a
  rexml (3.3.9) sha256=d71875b85299f341edf47d44df0212e7658cbdf35aeb69cefdb63f57af3137c9
  roda (3.85.0) sha256=1e6461b8ef90dfa05271d2bde30f0fc1f4aaafaff6ad7604fadf992eb85951a5
  roo (2.10.1) sha256=cbb43bc955f9c110e74b721c835fb9bd3515b63af88ec709ac87fbf30f8be70e
  rspec-core (3.13.3) sha256=25136507f4f9cf2e8977a2851e64e438b4331646054e345998714108745cdfe4
  rspec-expectations (3.13.3) sha256=0e6b5af59b900147698ea0ff80456c4f2e69cac4394fbd392fbd1ca561f66c58
  rspec-mocks (3.13.2) sha256=2327335def0e1665325a9b617e3af9ae20272741d80ac550336309a7c59abdef
  rspec-rails (7.1.1) sha256=e15dccabed211e2fd92f21330c819adcbeb1591c1d66c580d8f2d8288557e331
  rspec-support (3.13.2) sha256=cea3a2463fd9b84b9dcc9685efd80ea701aa8f7b3decb3b3ce795ed67737dbec
  rubocop (1.75.7) sha256=23566ebb25263f26020687f8abb8aec049f3e29b6a00bdf0aa9d1db16b558be9
  rubocop-ast (1.44.1) sha256=e3cc04203b2ef04f6d6cf5f85fe6d643f442b18cc3b23e3ada0ce5b6521b8e92
  rubocop-faker (1.3.0) sha256=cb9ac132d44f9d2db6d5f9f8f5714700bf4d272cbaef5bce4052f4270fdc5c9b
  rubocop-rails (2.32.0) sha256=9fcc623c8722fe71e835e99c4a18b740b5b0d3fb69915d7f0777f00794b30490
  rubocop-rspec (3.6.0) sha256=c0e4205871776727e54dee9cc91af5fd74578001551ba40e1fe1a1ab4b404479
  ruby-filemagic (0.7.3) sha256=9dedfac69c737be29efb4542a280e345a70ba2b6ba905a518abd9998c8f3a7d9
  ruby-next-core (1.1.1) sha256=37886d41cf91072a0f14fa53b3e7e650adce1fe3b1227842bae32034dcce1d5f
  ruby-prof (1.7.1) sha256=026393448cf92fd24a91739bf71ccd2bfe88fe8a1401ee8afc4948a16d62ea24
  ruby-progressbar (1.13.0) sha256=80fc9c47a9b640d6834e0dc7b3c94c9df37f08cb072b7761e4a71e22cff29b33
  ruby-vips (2.2.1) sha256=a29841d601c5cfcad9b152964fe83ac8fc60dd94cf8d1fc5e69cfb90fe57cc7b
  ruby2_keywords (0.0.5) sha256=ffd13740c573b7301cf7a2e61fc857b2a8e3d3aff32545d6f8300d8bae10e3ef
  ruby_parser (3.21.0) sha256=3842893d2f4602dcd93c0a79d77f9ce8e1ce197d41ac533d8e25c684f8f1c56b
  rubyzip (2.4.1) sha256=8577c88edc1fde8935eb91064c5cb1aef9ad5494b940cf19c775ee833e075615
  sassc (2.4.0) sha256=4c60a2b0a3b36685c83b80d5789401c2f678c1652e3288315a1551d811d9f83e
  sassc-rails (2.1.2) sha256=5f4fdf3881fc9bdc8e856ffbd9850d70a2878866feae8114aa45996179952db5
  securerandom (0.4.1) sha256=cc5193d414a4341b6e225f0cb4446aceca8e50d5e1888743fac16987638ea0b1
  sentry-rails (5.23.0) sha256=8d2cbc3c85e343c1e882d7c8595d410e0c3afa3b005f51430225b938e128dec4
  sentry-ruby (5.23.0) sha256=8e8bb2f9a56a267a50fcba947f2ae131b6542f45fc3bb5764c2c25ba68f385cc
  sexp_processor (4.17.3) sha256=5ef0d952565eeedb416519f678b6b41c6ab6700abba828f46986f2d85d295dae
  shoulda-matchers (6.4.0) sha256=9055bb7f4bb342125fb860809798855c630e05ef5e75837b3168b8e6ee1608b0
  simple_form (5.3.1) sha256=3891a36a89a7f8c69f1361624c5357591578a9e9c318257cd7b9cc7b6ce47460
  simpleidn (0.2.1) sha256=35dda985b761dff5751fefa7fba02e477427c975d47b11c4c4ffaf01afe1c719
  slack-notifier (2.4.0) sha256=cd9aba3f5f3e6227f73df1f6a33ac6c127c5fac35b513b86b7ba900cd98d2b00
  sprockets (4.2.2) sha256=761e5a49f1c288704763f73139763564c845a8f856d52fba013458f8af1b59b1
  sprockets-rails (3.5.2) sha256=a9e88e6ce9f8c912d349aa5401509165ec42326baf9e942a85de4b76dbc4119e
  sshkit (1.24.0) sha256=9597c1f984778ae9742f2dc839778d57a6a2efb868107046575c52ac7c628e6c
  ssrf_filter (1.2.0) sha256=1e22130ada4b4d2c9675ac56a13802cad9c6395338bbd8d2d4c60429a071389f
  stringio (3.1.7) sha256=5b78b7cb242a315fb4fca61a8255d62ec438f58da2b90be66048546ade4507fa
  temple (0.10.3) sha256=df3145fe6577af1e25387eb7f7122d32ed51bdb6f2e7bb0f4fbf07b66151913b
  terser (1.2.5) sha256=f1e49770b61af6897770217f87c6574d5e6f81881712fb0fc6a609bab0ccbfa7
  thor (1.3.2) sha256=eef0293b9e24158ccad7ab383ae83534b7ad4ed99c09f96f1a6b036550abbeda
  thread_safe (0.3.6) sha256=9ed7072821b51c57e8d6b7011a8e282e25aeea3a4065eab326e43f66f063b05a
  tilt (2.6.0) sha256=263d748466e0d83e510aa1a2e2281eff547937f0ef06be33d3632721e255f76b
  timeout (0.4.3) sha256=9509f079b2b55fe4236d79633bd75e34c1c1e7e3fb4b56cb5fda61f80a0fe30e
  todo_or_die (0.1.1) sha256=0a3d51b664367e48d8c6c49c21aa111bc1bbea13a0cdfd9dd5fc2e2066df948b
  tzinfo (2.0.6) sha256=8daf828cc77bcf7d63b0e3bdb6caa47e2272dcfaf4fbfe46f8c3a9df087a829b
  unf (0.1.4) sha256=4999517a531f2a955750f8831941891f6158498ec9b6cb1c81ce89388e63022e
  unf_ext (0.0.9.1) sha256=926114a858934126c6bbfd3254347dadb5dae354711869368c0f75e3765fc6e9
  unicode-display_width (3.1.4) sha256=8caf2af1c0f2f07ec89ef9e18c7d88c2790e217c482bfc78aaa65eadd5415ac1
  unicode-emoji (4.0.4) sha256=2c2c4ef7f353e5809497126285a50b23056cc6e61b64433764a35eff6c36532a
  uri (1.0.3) sha256=e9f2244608eea2f7bc357d954c65c910ce0399ca5e18a7a29207ac22d8767011
  validate_url (1.0.15) sha256=72fe164c0713d63a9970bd6700bea948babbfbdcec392f2342b6704042f57451
  validates_email_format_of (1.8.2) sha256=e2dfcf3e933547d06c41dacf066c7b07614819439c8780c3a2521ce047052577
  virtus (2.0.0) sha256=8841dae4eb7fcc097320ba5ea516bf1839e5d056c61ee27138aa4bddd6e3d1c2
  warden (1.2.9) sha256=46684f885d35a69dbb883deabf85a222c8e427a957804719e143005df7a1efd0
  warning (1.5.0) sha256=0f12c49fea0c06757778eefdcc7771e4fd99308901e3d55c504d87afdd718c53
  web-console (4.2.1) sha256=e7bcf37a10ea2b4ec4281649d1cee461b32232d0a447e82c786e6841fd22fe20
  websocket-driver (0.7.7) sha256=056d99f2cd545712cfb1291650fde7478e4f2661dc1db6a0fa3b966231a146b4
  websocket-extensions (0.1.5) sha256=1c6ba63092cda343eb53fc657110c71c754c56484aad42578495227d717a8241
  whenever (1.0.0) sha256=d9b71417c43960f5eb125b77207174cba4691091cedae0d282a29cfc72eaa246
  with_advisory_lock (5.1.0) sha256=0692cd82013b271c59aa5e1f603b741ab94926dbce098990fbace5dd5412fed7
  xlsxtream (2.4.0) sha256=cec4b4266412e3c65bb9283c7c1ae506b2bdac1b1841ead6ab9814a4619fbce8
  xpath (3.2.0) sha256=6dfda79d91bb3b949b947ecc5919f042ef2f399b904013eb3ef6d20dd3a4082e
  yabeda (0.13.1) sha256=3213025f22b7746602c8a4c41e2ed82d73a90bdc5489f6ef472142b06c1cf954
  yabeda-prometheus (0.9.1) sha256=b87d80cae8cffbeb527c25d288eafa8eed9c1fb56cf49616db5c8611768cd5fd
  yabeda-puma-plugin (0.7.1) sha256=a41d72053b8eb5b9db92c59bfb4a95f1988bafd2fdc9f4f13836849af073b17b
  yabeda-rails (0.9.0) sha256=6011bfa1e282456dbb4f0d6571267ad57108b54fab0de37ae3b70653fa9582da
  yajl-ruby (1.4.3) sha256=8c974d9c11ae07b0a3b6d26efea8407269b02e4138118fbe3ef0d2ec9724d1d2
  yaml-safe_load_stream3 (0.1.2) sha256=fd4f63ffe57e65ec8fd5a314064151f843e83239ff87bfc6b2fdbdba81e7e481
  zeitwerk (2.7.2) sha256=842e067cb11eb923d747249badfb5fcdc9652d6f20a1f06453317920fdcd4673
  zip_tricks (5.6.0) sha256=ea644925d97bceee6f86ce0e1ec5a3f0cb84eabf5e56f740ff5d4b518a5aea19

BUNDLED WITH
   2.6.9
