GIT
  remote: https://github.com/k8s-ruby/k8s-ruby.git
  revision: dd45b00a798c2427017f8b186f89b87f04613088
  branch: master
  specs:
    k8s-ruby (0.17.2)
      base64
      dry-configurable
      dry-struct
      dry-types
      excon (~> 0.71)
      hashdiff (~> 1.0)
      jsonpath (~> 1.1)
      recursive-open-struct (~> 1.1, >= 1.1.3)
      yajl-ruby (~> 1.4)
      yaml-safe_load_stream3

GEM
  remote: https://rubygems.org/
  specs:
    StreetAddress (2.0.0)
    actioncable (7.2.3.1)
      actionpack (= 7.2.3.1)
      activesupport (= 7.2.3.1)
      nio4r (~> 2.0)
      websocket-driver (>= 0.6.1)
      zeitwerk (~> 2.6)
    actionmailbox (7.2.3.1)
      actionpack (= 7.2.3.1)
      activejob (= 7.2.3.1)
      activerecord (= 7.2.3.1)
      activestorage (= 7.2.3.1)
      activesupport (= 7.2.3.1)
      mail (>= 2.8.0)
    actionmailer (7.2.3.1)
      actionpack (= 7.2.3.1)
      actionview (= 7.2.3.1)
      activejob (= 7.2.3.1)
      activesupport (= 7.2.3.1)
      mail (>= 2.8.0)
      rails-dom-testing (~> 2.2)
    actionpack (7.2.3.1)
      actionview (= 7.2.3.1)
      activesupport (= 7.2.3.1)
      cgi
      nokogiri (>= 1.8.5)
      racc
      rack (>= 2.2.4, < 3.3)
      rack-session (>= 1.0.1)
      rack-test (>= 0.6.3)
      rails-dom-testing (~> 2.2)
      rails-html-sanitizer (~> 1.6)
      useragent (~> 0.16)
    actiontext (7.2.3.1)
      actionpack (= 7.2.3.1)
      activerecord (= 7.2.3.1)
      activestorage (= 7.2.3.1)
      activesupport (= 7.2.3.1)
      globalid (>= 0.6.0)
      nokogiri (>= 1.8.5)
    actionview (7.2.3.1)
      activesupport (= 7.2.3.1)
      builder (~> 3.1)
      cgi
      erubi (~> 1.11)
      rails-dom-testing (~> 2.2)
      rails-html-sanitizer (~> 1.6)
    active_record_distinct_on (1.10.0)
      activerecord (>= 6.1)
    active_record_query_trace (1.9)
      activerecord (>= 6.0.0)
    activejob (7.2.3.1)
      activesupport (= 7.2.3.1)
      globalid (>= 0.3.6)
    activemodel (7.2.3.1)
      activesupport (= 7.2.3.1)
    activerecord (7.2.3.1)
      activemodel (= 7.2.3.1)
      activesupport (= 7.2.3.1)
      timeout (>= 0.4.0)
    activerecord-import (2.2.0)
      activerecord (>= 4.2)
    activerecord-session_store (2.2.0)
      actionpack (>= 7.0)
      activerecord (>= 7.0)
      cgi (>= 0.3.6)
      rack (>= 2.0.8, < 4)
      railties (>= 7.0)
    activestorage (7.2.3.1)
      actionpack (= 7.2.3.1)
      activejob (= 7.2.3.1)
      activerecord (= 7.2.3.1)
      activesupport (= 7.2.3.1)
      marcel (~> 1.0)
    activesupport (7.2.3.1)
      base64
      benchmark (>= 0.3)
      bigdecimal
      concurrent-ruby (~> 1.0, >= 1.3.1)
      connection_pool (>= 2.2.5)
      drb
      i18n (>= 1.6, < 2)
      logger (>= 1.4.2)
      minitest (>= 5.1, < 6)
      securerandom (>= 0.3)
      tzinfo (~> 2.0, >= 2.0.5)
    addressable (2.9.0)
      public_suffix (>= 2.0.2, < 8.0)
    airbrussh (1.6.1)
      sshkit (>= 1.6.1, != 1.7.0)
    ajax_modal_rails (1.0.12)
      rails (>= 4)
    amazing_print (2.0.0)
    ansi (1.5.0)
    anyway_config (2.8.0)
      ruby-next-core (~> 1.0)
    ast (2.4.3)
    attribute_normalizer (1.2.0)
    authtrail (0.7.1)
      railties (>= 7.1)
      warden
    auto-session-timeout (1.4)
      actionpack (>= 3.2, < 9)
    autoprefixer-rails (10.4.21.0)
      execjs (~> 2)
    aws-eventstream (1.4.0)
    aws-partitions (1.1231.0)
    aws-sdk-autoscaling (1.155.0)
      aws-sdk-core (~> 3, >= 3.244.0)
      aws-sigv4 (~> 1.5)
    aws-sdk-cloudwatch (1.132.0)
      aws-sdk-core (~> 3, >= 3.244.0)
      aws-sigv4 (~> 1.5)
    aws-sdk-cloudwatchevents (1.103.0)
      aws-sdk-core (~> 3, >= 3.244.0)
      aws-sigv4 (~> 1.5)
    aws-sdk-cloudwatchlogs (1.141.0)
      aws-sdk-core (~> 3, >= 3.244.0)
      aws-sigv4 (~> 1.5)
    aws-sdk-core (3.244.0)
      aws-eventstream (~> 1, >= 1.3.0)
      aws-partitions (~> 1, >= 1.992.0)
      aws-sigv4 (~> 1.9)
      base64
      bigdecimal
      jmespath (~> 1, >= 1.6.1)
      logger
    aws-sdk-ec2 (1.609.0)
      aws-sdk-core (~> 3, >= 3.244.0)
      aws-sigv4 (~> 1.5)
    aws-sdk-ecr (1.124.0)
      aws-sdk-core (~> 3, >= 3.244.0)
      aws-sigv4 (~> 1.5)
    aws-sdk-ecs (1.224.0)
      aws-sdk-core (~> 3, >= 3.244.0)
      aws-sigv4 (~> 1.5)
    aws-sdk-elasticloadbalancingv2 (1.149.0)
      aws-sdk-core (~> 3, >= 3.244.0)
      aws-sigv4 (~> 1.5)
    aws-sdk-glacier (1.91.0)
      aws-sdk-core (~> 3, >= 3.244.0)
      aws-sigv4 (~> 1.5)
    aws-sdk-iam (1.142.0)
      aws-sdk-core (~> 3, >= 3.244.0)
      aws-sigv4 (~> 1.5)
    aws-sdk-kms (1.123.0)
      aws-sdk-core (~> 3, >= 3.244.0)
      aws-sigv4 (~> 1.5)
    aws-sdk-rails (5.1.0)
      aws-sdk-core (~> 3)
      railties (>= 7.1.0)
    aws-sdk-rds (1.310.0)
      aws-sdk-core (~> 3, >= 3.244.0)
      aws-sigv4 (~> 1.5)
    aws-sdk-s3 (1.217.0)
      aws-sdk-core (~> 3, >= 3.244.0)
      aws-sdk-kms (~> 1)
      aws-sigv4 (~> 1.5)
    aws-sdk-secretsmanager (1.129.0)
      aws-sdk-core (~> 3, >= 3.244.0)
      aws-sigv4 (~> 1.5)
    aws-sdk-ses (1.97.0)
      aws-sdk-core (~> 3, >= 3.244.0)
      aws-sigv4 (~> 1.5)
    aws-sdk-sns (1.113.0)
      aws-sdk-core (~> 3, >= 3.244.0)
      aws-sigv4 (~> 1.5)
    aws-sdk-ssm (1.212.0)
      aws-sdk-core (~> 3, >= 3.244.0)
      aws-sigv4 (~> 1.5)
    aws-sigv4 (1.12.1)
      aws-eventstream (~> 1, >= 1.0.2)
    axiom-types (0.1.1)
      descendants_tracker (~> 0.0.4)
      ice_nine (~> 0.11.0)
      thread_safe (~> 0.3, >= 0.3.1)
    babel-source (5.8.35)
    babel-transpiler (0.7.0)
      babel-source (>= 4.0, < 6)
      execjs (~> 2.0)
    base64 (0.3.0)
    bcrypt (3.1.22)
    benchmark (0.5.0)
    bigdecimal (4.1.0)
    bindex (0.8.1)
    bootsnap (1.23.0)
      msgpack (~> 1.2)
    bootstrap (4.3.1)
      autoprefixer-rails (>= 9.1.0)
      popper_js (>= 1.14.3, < 2)
      sassc-rails (>= 2.0.0)
    bootstrap3-datetimepicker-rails (4.17.47)
      momentjs-rails (>= 2.8.1)
    brakeman (8.0.4)
      racc
    browser (6.2.0)
    builder (3.3.0)
    bundler-audit (0.9.3)
      bundler (>= 1.2.0)
      thor (~> 1.0)
    byebug (13.0.0)
      reline (>= 0.6.0)
    capistrano (3.20.0)
      airbrussh (>= 1.0.0)
      i18n
      rake (>= 10.0.0)
      sshkit (>= 1.9.0)
    capistrano-bundler (2.2.0)
      capistrano (~> 3.1)
    capistrano-passenger (0.2.1)
      capistrano (~> 3.0)
    capistrano-rails (1.7.0)
      capistrano (~> 3.1)
      capistrano-bundler (>= 1.1, < 3)
    capistrano-rvm (0.1.2)
      capistrano (~> 3.0)
      sshkit (~> 1.2)
    capybara (3.40.0)
      addressable
      matrix
      mini_mime (>= 0.1.3)
      nokogiri (~> 1.11)
      rack (>= 1.6.0)
      rack-test (>= 0.6.3)
      regexp_parser (>= 1.5, < 3.0)
      xpath (~> 3.2)
    caxlsx (4.4.2)
      htmlentities (~> 4.3, >= 4.3.4)
      marcel (~> 1.0)
      nokogiri (~> 1.10, >= 1.10.4)
      rubyzip (>= 2.4, < 4)
    caxlsx_rails (0.6.4)
      actionpack (>= 3.1)
      caxlsx (>= 3.0)
    cgi (0.5.1)
    childprocess (5.1.0)
      logger (~> 1.5)
    chronic (0.10.2)
    coderay (1.1.3)
    coercible (1.0.0)
      descendants_tracker (~> 0.0.1)
    coffee-rails (5.0.0)
      coffee-script (>= 2.2.0)
      railties (>= 5.2.0)
    coffee-script (2.4.1)
      coffee-script-source
      execjs
    coffee-script-source (1.12.2)
    concurrent-ruby (1.3.6)
    connection_pool (2.5.5)
    crass (1.0.6)
    csv (3.3.5)
    daemons (1.4.1)
    date (3.5.1)
    delayed_job (4.2.0)
      activesupport (>= 3.0, < 9.0)
      benchmark
      logger
    delayed_job_active_record (4.1.11)
      activerecord (>= 3.0, < 9.0)
      delayed_job (>= 3.0, < 5)
    deprecation_toolkit (2.3.0)
      activesupport (>= 7.0)
    descendants_tracker (0.0.4)
      thread_safe (~> 0.3, >= 0.3.1)
    devise (4.9.4)
      bcrypt (~> 3.0)
      orm_adapter (~> 0.1)
      railties (>= 4.1.0)
      responders
      warden (~> 1.2.3)
    devise-pwned_password (0.2.0)
      devise (>= 4, < 6)
      pwned (~> 2.4)
    devise-security (0.18.0)
      devise (>= 4.3.0)
    devise_invitable (2.0.11)
      actionmailer (>= 5.0)
      devise (>= 4.6)
    diff-lcs (1.6.2)
    dotenv (3.2.0)
    dotenv-rails (3.2.0)
      dotenv (= 3.2.0)
      railties (>= 6.1)
    drb (2.2.3)
    dry-configurable (1.3.0)
      dry-core (~> 1.1)
      zeitwerk (~> 2.6)
    dry-core (1.2.0)
      concurrent-ruby (~> 1.0)
      logger
      zeitwerk (~> 2.6)
    dry-inflector (1.3.1)
    dry-initializer (3.2.0)
    dry-logic (1.6.0)
      bigdecimal
      concurrent-ruby (~> 1.0)
      dry-core (~> 1.1)
      zeitwerk (~> 2.6)
    dry-struct (1.8.1)
      dry-core (~> 1.1)
      dry-types (~> 1.8, >= 1.8.2)
      ice_nine (~> 0.11)
      zeitwerk (~> 2.6)
    dry-types (1.9.1)
      bigdecimal (>= 3.0)
      concurrent-ruby (~> 1.0)
      dry-core (~> 1.0)
      dry-inflector (~> 1.0)
      dry-logic (~> 1.4)
      zeitwerk (~> 2.6)
    erb (6.0.2)
    erubi (1.13.1)
    erubis (2.7.0)
    excon (0.112.0)
    execjs (2.10.0)
    factory_bot (6.5.6)
      activesupport (>= 6.1.0)
    factory_bot_rails (6.5.1)
      factory_bot (~> 6.5)
      railties (>= 6.1.0)
    faker (3.6.1)
      i18n (>= 1.8.11, < 2)
    ffi (1.17.4)
    ffi (1.17.4-arm64-darwin)
    font-awesome-sass (6.7.2)
      sassc (~> 2.0)
    fuzzy_match (2.1.0)
    geocoder (1.8.6)
      base64 (>= 0.1.0)
      csv (>= 3.0.0)
    globalid (1.3.0)
      activesupport (>= 6.1)
    haml (7.2.0)
      temple (>= 0.8.2)
      thor
      tilt
    haml-rails (3.0.0)
      actionpack (>= 5.1)
      activesupport (>= 5.1)
      haml (>= 4.0.6)
      railties (>= 5.1)
    handlebars_assets (0.23.9)
      execjs (~> 2.0)
      sprockets (>= 2.0.0)
      tilt (>= 1.2)
    hashdiff (1.2.1)
    html2haml (2.3.0)
      erubis (~> 2.7.0)
      haml (>= 4.0)
      nokogiri (>= 1.6.0)
      ruby_parser (~> 3.5)
    htmlentities (4.4.2)
    i18n (1.14.8)
      concurrent-ruby (~> 1.0)
    ice_nine (0.11.2)
    iniparse (1.5.0)
    io-console (0.8.2)
    irb (1.17.0)
      pp (>= 0.6.0)
      prism (>= 1.3.0)
      rdoc (>= 4.0.0)
      reline (>= 0.4.2)
    jmespath (1.6.2)
    jquery-rails (4.6.1)
      rails-dom-testing (>= 1, < 3)
      railties (>= 4.2.0)
      thor (>= 0.14, < 2.0)
    json (2.19.3)
    jsonpath (1.1.5)
      multi_json
    kaminari (1.2.2)
      activesupport (>= 4.1.0)
      kaminari-actionview (= 1.2.2)
      kaminari-activerecord (= 1.2.2)
      kaminari-core (= 1.2.2)
    kaminari-actionview (1.2.2)
      actionview
      kaminari-core (= 1.2.2)
    kaminari-activerecord (1.2.2)
      activerecord
      kaminari-core (= 1.2.2)
    kaminari-core (1.2.2)
    language_server-protocol (3.17.0.5)
    lint_roller (1.1.0)
    logger (1.7.0)
    lograge (0.14.0)
      actionpack (>= 4)
      activesupport (>= 4)
      railties (>= 4)
      request_store (~> 1.0)
    logstop (0.4.1)
      logger
    loofah (2.25.1)
      crass (~> 1.0.2)
      nokogiri (>= 1.12.0)
    mail (2.9.0)
      logger
      mini_mime (>= 0.1.1)
      net-imap
      net-pop
      net-smtp
    marcel (1.1.0)
    matrix (0.4.3)
    maxminddb (0.1.22)
    memery (1.8.0)
    method_source (1.1.0)
    mini_mime (1.1.5)
    mini_portile2 (2.8.9)
    minitest (5.27.0)
    minitest-reporters (1.7.1)
      ansi
      builder
      minitest (>= 5.0)
      ruby-progressbar
    momentjs-rails (2.29.4.1)
      railties (>= 3.1)
    msgpack (1.8.0)
    multi_json (1.19.1)
    mutex_m (0.3.0)
    net-http (0.9.1)
      uri (>= 0.11.1)
    net-imap (0.6.3)
      date
      net-protocol
    net-pop (0.1.2)
      net-protocol
    net-protocol (0.2.2)
      timeout
    net-scp (4.1.0)
      net-ssh (>= 2.6.5, < 8.0.0)
    net-sftp (4.0.0)
      net-ssh (>= 5.0.0, < 8.0.0)
    net-smtp (0.5.1)
      net-protocol
    net-ssh (7.3.2)
    nio4r (2.7.5)
    nokogiri (1.19.2)
      mini_portile2 (~> 2.8.2)
      racc (~> 1.4)
    nokogiri (1.19.2-arm64-darwin)
      racc (~> 1.4)
    openssl (4.0.1)
    order_as_specified (1.7)
      activerecord (>= 5.0.0)
    orm_adapter (0.5.0)
    ostruct (0.6.3)
    overcommit (0.68.0)
      childprocess (>= 0.6.3, < 6)
      iniparse (~> 1.4)
      rexml (>= 3.3.9)
    pagy (8.6.3)
    paper_trail (17.0.0)
      activerecord (>= 7.1)
      request_store (~> 1.4)
    parallel (1.27.0)
    paranoia (3.1.0)
      activerecord (>= 7, < 8.2)
    parser (3.3.11.1)
      ast (~> 2.4.1)
      racc
    pg (1.6.3)
    pg (1.6.3-arm64-darwin)
    popper_js (1.16.1)
    pp (0.6.3)
      prettyprint
    pretender (0.6.0)
      actionpack (>= 7.1)
    prettyprint (0.2.0)
    prism (1.9.0)
    prometheus-client (4.2.5)
      base64
    pry (0.16.0)
      coderay (~> 1.1)
      method_source (~> 1.0)
      reline (>= 0.6.0)
    pry-byebug (3.12.0)
      byebug (~> 13.0)
      pry (>= 0.13, < 0.17)
    pry-rails (0.3.11)
      pry (>= 0.13.0)
    psych (5.3.1)
      date
      stringio
    public_suffix (7.0.5)
    puma (6.6.1)
      nio4r (~> 2.0)
    pwned (2.4.1)
    racc (1.8.1)
    rack (3.1.21)
    rack-attack (6.8.0)
      rack (>= 1.0, < 4)
    rack-mini-profiler (4.0.1)
      rack (>= 1.2.0)
    rack-session (2.1.2)
      base64 (>= 0.1.0)
      rack (>= 3.0.0)
    rack-test (2.2.0)
      rack (>= 1.3)
    rackup (2.3.1)
      rack (>= 3)
    rails (7.2.3.1)
      actioncable (= 7.2.3.1)
      actionmailbox (= 7.2.3.1)
      actionmailer (= 7.2.3.1)
      actionpack (= 7.2.3.1)
      actiontext (= 7.2.3.1)
      actionview (= 7.2.3.1)
      activejob (= 7.2.3.1)
      activemodel (= 7.2.3.1)
      activerecord (= 7.2.3.1)
      activestorage (= 7.2.3.1)
      activesupport (= 7.2.3.1)
      bundler (>= 1.15.0)
      railties (= 7.2.3.1)
    rails-controller-testing (1.0.5)
      actionpack (>= 5.0.1.rc1)
      actionview (>= 5.0.1.rc1)
      activesupport (>= 5.0.1.rc1)
    rails-dom-testing (2.3.0)
      activesupport (>= 5.0.0)
      minitest
      nokogiri (>= 1.6)
    rails-html-sanitizer (1.7.0)
      loofah (~> 2.25)
      nokogiri (>= 1.15.7, != 1.16.7, != 1.16.6, != 1.16.5, != 1.16.4, != 1.16.3, != 1.16.2, != 1.16.1, != 1.16.0.rc1, != 1.16.0)
    railties (7.2.3.1)
      actionpack (= 7.2.3.1)
      activesupport (= 7.2.3.1)
      cgi
      irb (~> 1.13)
      rackup (>= 1.0.0)
      rake (>= 12.2)
      thor (~> 1.0, >= 1.2.2)
      tsort (>= 0.2)
      zeitwerk (~> 2.6)
    rainbow (3.1.1)
    rake (13.3.1)
    rdoc (7.2.0)
      erb
      psych (>= 4.0.0)
      tsort
    recursive-open-struct (1.3.1)
      ostruct
    redcarpet (3.6.1)
    redis (5.4.1)
      redis-client (>= 0.22.0)
    redis-client (0.28.0)
      connection_pool
    regexp_parser (2.11.3)
    reline (0.6.3)
      io-console (~> 0.5)
    request_store (1.7.0)
      rack (>= 1.4)
    responders (3.2.0)
      actionpack (>= 7.0)
      railties (>= 7.0)
    rexml (3.4.4)
    roda (3.102.0)
      rack
    roo (3.0.0)
      base64 (~> 0.2)
      csv (~> 3)
      logger (~> 1)
      nokogiri (~> 1)
      rubyzip (>= 3.0.0, < 4.0.0)
    rspec-core (3.13.6)
      rspec-support (~> 3.13.0)
    rspec-expectations (3.13.5)
      diff-lcs (>= 1.2.0, < 2.0)
      rspec-support (~> 3.13.0)
    rspec-mocks (3.13.8)
      diff-lcs (>= 1.2.0, < 2.0)
      rspec-support (~> 3.13.0)
    rspec-rails (8.0.4)
      actionpack (>= 7.2)
      activesupport (>= 7.2)
      railties (>= 7.2)
      rspec-core (>= 3.13.0, < 5.0.0)
      rspec-expectations (>= 3.13.0, < 5.0.0)
      rspec-mocks (>= 3.13.0, < 5.0.0)
      rspec-support (>= 3.13.0, < 5.0.0)
    rspec-support (3.13.7)
    rubocop (1.86.0)
      json (~> 2.3)
      language_server-protocol (~> 3.17.0.2)
      lint_roller (~> 1.1.0)
      parallel (~> 1.10)
      parser (>= 3.3.0.2)
      rainbow (>= 2.2.2, < 4.0)
      regexp_parser (>= 2.9.3, < 3.0)
      rubocop-ast (>= 1.49.0, < 2.0)
      ruby-progressbar (~> 1.7)
      unicode-display_width (>= 2.4.0, < 4.0)
    rubocop-ast (1.49.1)
      parser (>= 3.3.7.2)
      prism (~> 1.7)
    rubocop-faker (1.3.0)
      faker (>= 2.12.0)
      lint_roller (~> 1.1)
      rubocop (>= 1.72.1)
    rubocop-rails (2.34.3)
      activesupport (>= 4.2.0)
      lint_roller (~> 1.1)
      rack (>= 1.1)
      rubocop (>= 1.75.0, < 2.0)
      rubocop-ast (>= 1.44.0, < 2.0)
    rubocop-rspec (3.9.0)
      lint_roller (~> 1.1)
      rubocop (~> 1.81)
    ruby-next-core (1.2.0)
    ruby-prof (2.0.4)
      base64
      ostruct
    ruby-progressbar (1.13.0)
    ruby_parser (3.22.0)
      racc (~> 1.5)
      sexp_processor (~> 4.16)
    rubyzip (3.2.2)
    sassc (2.4.0)
      ffi (~> 1.9)
    sassc-rails (2.1.2)
      railties (>= 4.0.0)
      sassc (>= 2.0)
      sprockets (> 3.0)
      sprockets-rails
      tilt
    securerandom (0.4.1)
    sentry-rails (5.28.1)
      railties (>= 5.0)
      sentry-ruby (~> 5.28.1)
    sentry-ruby (5.28.1)
      bigdecimal
      concurrent-ruby (~> 1.0, >= 1.0.2)
    sexp_processor (4.17.5)
    shoulda-matchers (7.0.1)
      activesupport (>= 7.1)
    simple_form (5.4.1)
      actionpack (>= 7.0)
      activemodel (>= 7.0)
    simpleidn (0.2.3)
    slack-notifier (2.4.0)
    sprockets (4.2.2)
      concurrent-ruby (~> 1.0)
      logger
      rack (>= 2.2.4, < 4)
    sprockets-rails (3.5.2)
      actionpack (>= 6.1)
      activesupport (>= 6.1)
      sprockets (>= 3.0.0)
    sshkit (1.25.0)
      base64
      logger
      net-scp (>= 1.1.2)
      net-sftp (>= 2.1.2)
      net-ssh (>= 2.8.0)
      ostruct
    stringio (3.2.0)
    temple (0.10.4)
    terser (1.2.7)
      execjs (>= 0.3.0, < 3)
    thor (1.5.0)
    thread_safe (0.3.6)
    tilt (2.7.0)
    timeout (0.6.1)
    todo_or_die (0.1.1)
    tsort (0.2.0)
    tzinfo (2.0.6)
      concurrent-ruby (~> 1.0)
    unicode-display_width (3.2.0)
      unicode-emoji (~> 4.1)
    unicode-emoji (4.2.0)
    uri (1.1.1)
    useragent (0.16.11)
    validate_url (1.0.15)
      activemodel (>= 3.0.0)
      public_suffix
    validates_email_format_of (1.8.2)
      i18n (>= 0.8.0)
      simpleidn
    virtus (2.0.0)
      axiom-types (~> 0.1)
      coercible (~> 1.0)
      descendants_tracker (~> 0.0, >= 0.0.3)
    warden (1.2.9)
      rack (>= 2.0.9)
    warning (1.5.0)
    web-console (4.2.1)
      actionview (>= 6.0.0)
      activemodel (>= 6.0.0)
      bindex (>= 0.4.0)
      railties (>= 6.0.0)
    websocket-driver (0.8.0)
      base64
      websocket-extensions (>= 0.1.0)
    websocket-extensions (0.1.5)
    whenever (1.1.2)
      chronic (>= 0.6.3)
    with_advisory_lock (7.5.0)
      activerecord (>= 7.2)
      zeitwerk (>= 2.7)
    xlsxtream (3.1.0)
      zip_kit (>= 6.2, < 7)
    xpath (3.2.0)
      nokogiri (~> 1.8)
    yabeda (0.16.0)
      anyway_config (>= 1.0, < 3)
      concurrent-ruby
      dry-initializer
    yabeda-prometheus (0.9.1)
      prometheus-client (>= 3.0, < 5.0)
      rack
      yabeda (~> 0.10)
    yabeda-puma-plugin (0.9.0)
      json
      puma
      yabeda (~> 0.5)
    yabeda-rails (0.11.0)
      activesupport
      anyway_config (>= 1.3, < 3)
      railties
      yabeda (~> 0.8)
    yajl-ruby (1.4.3)
    yaml-safe_load_stream3 (0.1.2)
    zeitwerk (2.7.5)
    zip_kit (6.3.4)

PLATFORMS
  arm64-darwin-24
  ruby

DEPENDENCIES
  StreetAddress
  active_record_distinct_on
  active_record_query_trace
  activerecord-import
  activerecord-session_store
  ajax_modal_rails (~> 1.0)
  amazing_print
  attribute_normalizer
  authtrail
  auto-session-timeout
  autoprefixer-rails
  aws-sdk-autoscaling (~> 1)
  aws-sdk-cloudwatch
  aws-sdk-cloudwatchevents (~> 1)
  aws-sdk-cloudwatchlogs
  aws-sdk-ec2 (~> 1)
  aws-sdk-ecr (~> 1)
  aws-sdk-ecs (~> 1)
  aws-sdk-elasticloadbalancingv2 (~> 1)
  aws-sdk-glacier (~> 1)
  aws-sdk-iam (~> 1)
  aws-sdk-rails
  aws-sdk-rds (~> 1)
  aws-sdk-s3 (~> 1)
  aws-sdk-secretsmanager (~> 1)
  aws-sdk-ses (~> 1)
  aws-sdk-sns
  aws-sdk-ssm (~> 1)
  babel-transpiler
  bcrypt
  benchmark
  bootsnap
  bootstrap (~> 4.3.1)
  bootstrap3-datetimepicker-rails (~> 4.17.42)
  brakeman
  browser
  bundler-audit
  capistrano
  capistrano-bundler
  capistrano-passenger
  capistrano-rails
  capistrano-rvm
  capybara
  caxlsx
  caxlsx_rails
  coffee-rails
  connection_pool (~> 2.4)
  csv
  daemons
  delayed_job_active_record
  deprecation_toolkit
  devise (~> 4)
  devise-pwned_password
  devise-security
  devise_invitable (>= 2.0.9)
  dotenv-rails
  drb
  execjs
  factory_bot_rails
  faker
  font-awesome-sass
  fuzzy_match
  geocoder
  haml-rails
  handlebars_assets
  html2haml
  irb
  jquery-rails
  json (>= 2.19.2)
  k8s-ruby!
  kaminari
  lograge
  logstop
  loofah
  marcel
  maxminddb
  memery
  mini_portile2
  minitest-reporters
  momentjs-rails (>= 2.9.0)
  mutex_m
  net-http
  nokogiri
  openssl (>= 3.3.1)
  order_as_specified
  overcommit
  pagy (~> 8.2)
  paper_trail
  paranoia
  pg (~> 1.1)
  pretender
  pry-byebug
  pry-rails
  puma (~> 6)
  rack (< 3.2)
  rack-attack
  rack-mini-profiler
  rails (= 7.2.3.1)
  rails-controller-testing
  rails-html-sanitizer
  rdoc
  redcarpet
  redis
  reline
  responders
  rexml (>= 3.4.2)
  roda
  roo
  rspec-mocks
  rspec-rails
  rubocop
  rubocop-faker
  rubocop-rails
  rubocop-rspec
  ruby-prof
  ruby_parser
  sentry-rails (~> 5.5)
  shoulda-matchers
  simple_form
  slack-notifier
  sprockets-rails
  terser
  todo_or_die
  tzinfo (>= 1.2.10)
  validate_url
  validates_email_format_of
  virtus
  warning
  web-console
  whenever
  with_advisory_lock
  xlsxtream
  yabeda-prometheus
  yabeda-puma-plugin
  yabeda-rails

CHECKSUMS
  StreetAddress (2.0.0) sha256=742c2f57238634000ef09ae19b586ec107cd8755fdb9835c1e764fe27cdcb64b
  actioncable (7.2.3.1) sha256=d3bf40a3f4fc79a09709878f0e5c43a5e2d8e6607089f6b38f9472b8715eb33c
  actionmailbox (7.2.3.1) sha256=a4e73480c97ab2fff5a416f92c54b065b1a6564ea4a807d42e0b83a94d4ec541
  actionmailer (7.2.3.1) sha256=f578b6d5c5f81a20b6f6a796187698890c8348c041daa5e2e7cf7814ac520467
  actionpack (7.2.3.1) sha256=b66afe7f937273270cb63f03bde7af7ba850017867766e8848d06d3e12e1e4ca
  actiontext (7.2.3.1) sha256=5b1418f407ea347b98084a62b9b6caa1d3b1eb482d18dbbb69fad43f242843e3
  actionview (7.2.3.1) sha256=de19b86843391762ac24a6287c30fbba11cd475fa4d4b664924d5fb7a2f1ff7c
  active_record_distinct_on (1.10.0) sha256=a4b2f0f6a014d992ac5df233ab7152d0abc12c7795744f7b35102e0c529ab76d
  active_record_query_trace (1.9) sha256=7bfc2801babb3b4c075bc2d640681f71880bddb903074a634d8bd42c3c5fd7eb
  activejob (7.2.3.1) sha256=0bc4227ce371b82da119cd27ed91e0deb9b744bbfa266b86e4bd8d1e2a8f6ed8
  activemodel (7.2.3.1) sha256=39e1869b85e7a0b64a8ccddf19f3fb0c44261b329785384bb88f878eab51c0d0
  activerecord (7.2.3.1) sha256=b89513e275da5b34183c5f2a497c154b02dcc7c811d399ab557e67e36170a05d
  activerecord-import (2.2.0) sha256=f8ca99b196e50775723d1f1d192c379f656378dc9f5628240992a0d78807fa4b
  activerecord-session_store (2.2.0) sha256=65918054573683bf4f87af89e765e1fece14c9d71cfac1f11abe4687c96e2743
  activestorage (7.2.3.1) sha256=0b224ea42e6256d3e33768bdccad8e3c9110a5140fc9faf98bde8873dd5dffab
  activesupport (7.2.3.1) sha256=11ebed516a43a0bb47346227a35ebae4d9427465a7c9eb197a03d5c8d283cb34
  addressable (2.9.0) sha256=7fdf6ac3660f7f4e867a0838be3f6cf722ace541dd97767fa42bc6cfa980c7af
  airbrussh (1.6.1) sha256=9a5fc95583cefe722054a016d26ff0338cf00072b031b829086dde2039d5836a
  ajax_modal_rails (1.0.12) sha256=d386142f420d83d6d2fc2253ff98e3e80233caf0613a5235e989af679afb436d
  amazing_print (2.0.0) sha256=2e36aba46ac78d37ed27ca0e2056afe3583183bb5c64f157c246b267355e5d6a
  ansi (1.5.0) sha256=5408253274e33d9d27d4a98c46d2998266fd51cba58a7eb9d08f50e57ed23592
  anyway_config (2.8.0) sha256=f6797a7231f81202dcd3d0c07284e836e45713e761d320180348b13a5c7c9306
  ast (2.4.3) sha256=954615157c1d6a382bc27d690d973195e79db7f55e9765ac7c481c60bdb4d383
  attribute_normalizer (1.2.0) sha256=580df3f316d7f0a2cc068fd655377f4769848643328d0c6c6c685ea98ac181c4
  authtrail (0.7.1) sha256=47f4f656ce2682c286ce8c01deea9cf03f09e597ca1f0e3c413ca5098e1097d9
  auto-session-timeout (1.4) sha256=abaa3bf9fcabe77ceacc80b0240da31692c615fb39aada268c8ea0c790962ab8
  autoprefixer-rails (10.4.21.0) sha256=71b48caf850fc25275abd96f0b1fdd51c82e1c9b99cd30085cacb05da9c70235
  aws-eventstream (1.4.0) sha256=116bf85c436200d1060811e6f5d2d40c88f65448f2125bc77ffce5121e6e183b
  aws-partitions (1.1231.0) sha256=5142ba78d5226deb5dff6c8d17dfc52b0bcec3451d47fcb70fbe8b744b85d004
  aws-sdk-autoscaling (1.155.0) sha256=6978fea686e62b71d33f924f002fe1827a4c17cd3d3786160645238959f6fc5a
  aws-sdk-cloudwatch (1.132.0) sha256=e1eae7b754cca54240cda712c6af6471392de74527fdfd56017a3baa326f506a
  aws-sdk-cloudwatchevents (1.103.0) sha256=a1a386cc4d5c0479e1f3736d7485c043d3e88f0e45dfd231c8cf5fdae339ab69
  aws-sdk-cloudwatchlogs (1.141.0) sha256=aedfc4bbfe62b9af084090d6f43a65a4d598f9fe43381c9dc3cc904078906031
  aws-sdk-core (3.244.0) sha256=3e458c078b0c5bdee95bc370c3a483374b3224cf730c1f9f0faf849a5d9a18ea
  aws-sdk-ec2 (1.609.0) sha256=ae7e102c7634885c6c51a943de3de3ad44b920e04692a3bf68c1289dffa39aeb
  aws-sdk-ecr (1.124.0) sha256=c2bedd676b40bfb6222d8f3459874d7ee3605231f5f6f8a4a281dcf61feb3bed
  aws-sdk-ecs (1.224.0) sha256=633e1ca270d9f54e2f06cb05859dad4c0936ba3b937509dd247407b9013da798
  aws-sdk-elasticloadbalancingv2 (1.149.0) sha256=585fc858e8f75e8a3e66d7c595c83e8e4af94447eb12edfcc078f144097c32fc
  aws-sdk-glacier (1.91.0) sha256=c4fda93b18dfa1158f0eafbde61149bffbb37bcda5c7d2115a1c9c8d399e2020
  aws-sdk-iam (1.142.0) sha256=61cab3fd32ad3f8540b6c4b2174d39b56fd8913f7f67b4dd2ddb02c26feea54b
  aws-sdk-kms (1.123.0) sha256=d405f37e82f8fa32045ca8980be266c0b45b37aaf2012afe0254321a1e811f20
  aws-sdk-rails (5.1.0) sha256=8cffd3b60142e12a6747c91a7a609f668276b1082fc0c10810d5da3d14b13189
  aws-sdk-rds (1.310.0) sha256=2e30aa790a30a931e89a3c67d3560d221487d57657ee7b22e21f15c2cd40ca12
  aws-sdk-s3 (1.217.0) sha256=6ea709272c666888b14e9c62345abd9a6a967759ae13667c28f01fde6823c24b
  aws-sdk-secretsmanager (1.129.0) sha256=00445c87a8096da92c9d21ea52bb3d9e3634ae6e62f1b248eb9176f86470c954
  aws-sdk-ses (1.97.0) sha256=d8b8dd21b1d2550aa58cff37ae562a4d435b289af9bcbc5c4325509712c63b95
  aws-sdk-sns (1.113.0) sha256=15fe37d010e86f4c28b4c2f2133c463ce5c14189ec3673a1f43c30dfee511b0f
  aws-sdk-ssm (1.212.0) sha256=89137ce784f8e329d14672a1c4d7e8ca0cbe8082bb3120a4af87c71ffe0e7bda
  aws-sigv4 (1.12.1) sha256=6973ff95cb0fd0dc58ba26e90e9510a2219525d07620c8babeb70ef831826c00
  axiom-types (0.1.1) sha256=c1ff113f3de516fa195b2db7e0a9a95fd1b08475a502ff660d04507a09980383
  babel-source (5.8.35) sha256=79ef222a9dcb867ac2efa3b0da35b4bcb15a4bfa67b6b2dcbf1e9a29104498d9
  babel-transpiler (0.7.0) sha256=4c06f4ad9e8e1cabe94f99e11df2f140bb72aca9ba067dbb49dc14d9b98d1570
  base64 (0.3.0) sha256=27337aeabad6ffae05c265c450490628ef3ebd4b67be58257393227588f5a97b
  bcrypt (3.1.22) sha256=1f0072e88c2d705d94aff7f2c5cb02eb3f1ec4b8368671e19112527489f29032
  benchmark (0.5.0) sha256=465df122341aedcb81a2a24b4d3bd19b6c67c1530713fd533f3ff034e419236c
  bigdecimal (4.1.0) sha256=6dc07767aa3dc456ccd48e7ae70a07b474e9afd7c5bc576f80bd6da5c8dd6cae
  bindex (0.8.1) sha256=7b1ecc9dc539ed8bccfc8cb4d2732046227b09d6f37582ff12e50a5047ceb17e
  bootsnap (1.23.0) sha256=c1254f458d58558b58be0f8eb8f6eec2821456785b7cdd1e16248e2020d3f214
  bootstrap (4.3.1) sha256=f0ec38008cdc2c8e1d1be06cc273560e2554e93d7040b8757499fdf87f4c47c1
  bootstrap3-datetimepicker-rails (4.17.47) sha256=ee87a9bad74c140729f6a1ea2a7f3f2d9aaefa7e9defbe31b4edd27ff64689a2
  brakeman (8.0.4) sha256=7bf921fa9638544835df9aa7b3e720a9a72c0267f34f92135955edd80d4dcf6f
  browser (6.2.0) sha256=281d5295788825c9396427c292c2d2be0a5c91875c93c390fde6e5d61a5ace2d
  builder (3.3.0) sha256=497918d2f9dca528fdca4b88d84e4ef4387256d984b8154e9d5d3fe5a9c8835f
  bundler-audit (0.9.3) sha256=81c8766c71e47d0d28a0f98c7eed028539f21a6ea3cd8f685eb6f42333c9b4e9
  byebug (13.0.0) sha256=d2263efe751941ca520fa29744b71972d39cbc41839496706f5d9b22e92ae05d
  capistrano (3.20.0) sha256=0113e58dda99add0342e56a244f664734c59f442c5ed734f5303b0b559b479c9
  capistrano-bundler (2.2.0) sha256=47b4cf2ea17ea132bb0a5cabc5663443f5190a54f4da5b322d04e1558ff1468c
  capistrano-passenger (0.2.1) sha256=07a1d25edd5c1d909c19d4fe45fe2ea5f11200569f6967f6bff1d605ade98e13
  capistrano-rails (1.7.0) sha256=aca57455e8c5435785e0f938e16aa5b79c263694a755e1dca1c5d1743b40aae7
  capistrano-rvm (0.1.2) sha256=4adb7ffd98d2c1335b597b063e1e6cafd9dd2d6ecc9d358bf78100aad8475e97
  capybara (3.40.0) sha256=42dba720578ea1ca65fd7a41d163dd368502c191804558f6e0f71b391054aeef
  caxlsx (4.4.2) sha256=41bb1141eb083f2f72e0a34db85684a2ec48d38fed4c1ff20c1525c47cdc93eb
  caxlsx_rails (0.6.4) sha256=27e1ebb4617473f49a7956214e352b485beb080d590769ef5a826c410c7d2276
  cgi (0.5.1) sha256=e93fcafc69b8a934fe1e6146121fa35430efa8b4a4047c4893764067036f18e9
  childprocess (5.1.0) sha256=9a8d484be2fd4096a0e90a0cd3e449a05bc3aa33f8ac9e4d6dcef6ac1455b6ec
  chronic (0.10.2) sha256=766f2fcce6ac3cc152249ed0f2b827770d3e517e2e87c5fba7ed74f4889d2dc3
  coderay (1.1.3) sha256=dc530018a4684512f8f38143cd2a096c9f02a1fc2459edcfe534787a7fc77d4b
  coercible (1.0.0) sha256=5081ad24352cc8435ce5472bc2faa30260c7ea7f2102cc6a9f167c4d9bffaadc
  coffee-rails (5.0.0) sha256=5daaa1ba51fd4907c98a333b6a9e7c1a99b1fff57fcef999b6c62d813cb91a9c
  coffee-script (2.4.1) sha256=82fe281e11b93c8117b98c5ea8063e71741870f1c4fbb27177d7d6333dd38765
  coffee-script-source (1.12.2) sha256=e12b16fd8927fbbf8b87cb2e9a85a6cf457c6881cc7ff8b1af15b31f70da07a4
  concurrent-ruby (1.3.6) sha256=6b56837e1e7e5292f9864f34b69c5a2cbc75c0cf5338f1ce9903d10fa762d5ab
  connection_pool (2.5.5) sha256=e54ff92855753df1fd7c59fa04a398833355f27dd14c074f8c83a05f72a716ad
  crass (1.0.6) sha256=dc516022a56e7b3b156099abc81b6d2b08ea1ed12676ac7a5657617f012bd45d
  csv (3.3.5) sha256=6e5134ac3383ef728b7f02725d9872934f523cb40b961479f69cf3afa6c8e73f
  daemons (1.4.1) sha256=8fc76d76faec669feb5e455d72f35bd4c46dc6735e28c420afb822fac1fa9a1d
  date (3.5.1) sha256=750d06384d7b9c15d562c76291407d89e368dda4d4fff957eb94962d325a0dc0
  delayed_job (4.2.0) sha256=51dc1f68bb9084398317884c2178debd38c13a7eb48d8aa4ff4775465d7713ef
  delayed_job_active_record (4.1.11) sha256=64f34a6d50316dd7a7df1daf7c6e04ad888c0e86938762318f6f52522b7c1ba8
  deprecation_toolkit (2.3.0) sha256=41558b23c3d0b9ef67cae11dfe19df0e9ade3d1fcb8ad2ba8dbc2e6f56e5ad49
  descendants_tracker (0.0.4) sha256=e9c41dd4cfbb85829a9301ea7e7c48c2a03b26f09319db230e6479ccdc780897
  devise (4.9.4) sha256=920042fe5e704c548aa4eb65ebdd65980b83ffae67feb32c697206bfd975a7f8
  devise-pwned_password (0.2.0) sha256=190f2456a20c53319549bda16c3b731ee3781d9d02717279211f0e51dea18f8a
  devise-security (0.18.0) sha256=fc06be1624b5151044ff9c5d8e61abdfa7d56eb16bfdaec16a11235d54708513
  devise_invitable (2.0.11) sha256=780014f74b8848218d93a297300590120f1742984396acf3d6799ab49b9a6a3f
  diff-lcs (1.6.2) sha256=9ae0d2cba7d4df3075fe8cd8602a8604993efc0dfa934cff568969efb1909962
  dotenv (3.2.0) sha256=e375b83121ea7ca4ce20f214740076129ab8514cd81378161f11c03853fe619d
  dotenv-rails (3.2.0) sha256=657e25554ba622ffc95d8c4f1670286510f47f2edda9f68293c3f661b303beab
  drb (2.2.3) sha256=0b00d6fdb50995fe4a45dea13663493c841112e4068656854646f418fda13373
  dry-configurable (1.3.0) sha256=882d862858567fc1210d2549d4c090f34370fc1bb7c5c1933de3fe792e18afa8
  dry-core (1.2.0) sha256=0cc5a7da88df397f153947eeeae42e876e999c1e30900f3c536fb173854e96a1
  dry-inflector (1.3.1) sha256=7fb0c2bb04f67638f25c52e7ba39ab435d922a3a5c3cd196120f63accb682dcc
  dry-initializer (3.2.0) sha256=37d59798f912dc0a1efe14a4db4a9306989007b302dcd5f25d0a2a20c166c4e3
  dry-logic (1.6.0) sha256=da6fedbc0f90fc41f9b0cc7e6f05f5d529d1efaef6c8dcc8e0733f685745cea2
  dry-struct (1.8.1) sha256=033868594c45241540172bf1ebbc8bb76b72b4f0717072325deba38ac13e80f1
  dry-types (1.9.1) sha256=baebeecdb9f8395d6c9d227b62011279440943e3ef2468fe8ccc1ba11467f178
  erb (6.0.2) sha256=9fe6264d44f79422c87490a1558479bd0e7dad4dd0e317656e67ea3077b5242b
  erubi (1.13.1) sha256=a082103b0885dbc5ecf1172fede897f9ebdb745a4b97a5e8dc63953db1ee4ad9
  erubis (2.7.0) sha256=63653f5174a7997f6f1d6f465fbe1494dcc4bdab1fb8e635f6216989fb1148ba
  excon (0.112.0) sha256=daf9ac3a4c2fc9aa48383a33da77ecb44fa395111e973084d5c52f6f214ae0f0
  execjs (2.10.0) sha256=6bcb8be8f0052ff9d370b65d1c080f2406656e150452a0abdb185a133048450d
  factory_bot (6.5.6) sha256=12beb373214dccc086a7a63763d6718c49769d5606f0501e0a4442676917e077
  factory_bot_rails (6.5.1) sha256=d3cc4851eae4dea8a665ec4a4516895045e710554d2b5ac9e68b94d351bc6d68
  faker (3.6.1) sha256=c513d23c1d26b426283e913b25e0b714576011d7c1ad368a9ac6ea2113a1ccde
  ffi (1.17.4) sha256=bcd1642e06f0d16fc9e09ac6d49c3a7298b9789bcb58127302f934e437d60acf
  ffi (1.17.4-arm64-darwin) sha256=19071aaf1419251b0a46852abf960e77330a3b334d13a4ab51d58b31a937001b
  font-awesome-sass (6.7.2) sha256=31cf171c593cda4118bf5efbf9e4eb6abc8b15fd4d6acd5f000026356ee0005d
  fuzzy_match (2.1.0) sha256=e97e25d0eaee48a5f77ed970d007c7b6ff3c6a6858303fead2d1986859204dfc
  geocoder (1.8.6) sha256=e0ca1554b499f466de9b003f7dff70f89a5888761c2ca68ed9f86b6e5e24e74c
  globalid (1.3.0) sha256=05c639ad6eb4594522a0b07983022f04aa7254626ab69445a0e493aa3786ff11
  haml (7.2.0) sha256=87fd2b71f7feab1724337b090a7d767f5ab2d42f08c974f3ead673f18cfcd55a
  haml-rails (3.0.0) sha256=091fe496a85ca521d9cac87fb50f1ecf77a57974a99aa7e267130add81a5585f
  handlebars_assets (0.23.9) sha256=d6bb35289e6166c01839a4d866cdf90ec33d901a16a86b97be1189c4de38c062
  hashdiff (1.2.1) sha256=9c079dbc513dfc8833ab59c0c2d8f230fa28499cc5efb4b8dd276cf931457cd1
  html2haml (2.3.0) sha256=b587eaf532609642fc3b5c2b35861e8c9e15e72e0355b93bbcfee1e3ae088127
  htmlentities (4.4.2) sha256=bbafbdf69f2eca9262be4efef7e43e6a1de54c95eb600f26984f71d2fe96c5c3
  i18n (1.14.8) sha256=285778639134865c5e0f6269e0b818256017e8cde89993fdfcbfb64d088824a5
  ice_nine (0.11.2) sha256=5d506a7d2723d5592dc121b9928e4931742730131f22a1a37649df1c1e2e63db
  iniparse (1.5.0) sha256=36a165e98d8a250b7631c4a7f9afba32af78f089970cd6446a39771189c761f1
  io-console (0.8.2) sha256=d6e3ae7a7cc7574f4b8893b4fca2162e57a825b223a177b7afa236c5ef9814cc
  irb (1.17.0) sha256=168c4ddb93d8a361a045c41d92b2952c7a118fa73f23fe14e55609eb7a863aae
  jmespath (1.6.2) sha256=238d774a58723d6c090494c8879b5e9918c19485f7e840f2c1c7532cf84ebcb1
  jquery-rails (4.6.1) sha256=619f3496cdcdeaae1fd6dafa52dbac3fc45b745d4e09712da4184a16b3a8d9c0
  json (2.19.3) sha256=289b0bb53052a1fa8c34ab33cc750b659ba14a5c45f3fcf4b18762dc67c78646
  jsonpath (1.1.5) sha256=29f70467193a2dc93ab864ec3d3326d54267961acc623f487340eb9c34931dbe
  k8s-ruby (0.17.2)
  kaminari (1.2.2) sha256=c4076ff9adccc6109408333f87b5c4abbda5e39dc464bd4c66d06d9f73442a3e
  kaminari-actionview (1.2.2) sha256=1330f6fc8b59a4a4ef6a549ff8a224797289ebf7a3a503e8c1652535287cc909
  kaminari-activerecord (1.2.2) sha256=0dd3a67bab356a356f36b3b7236bcb81cef313095365befe8e98057dd2472430
  kaminari-core (1.2.2) sha256=3bd26fec7370645af40ca73b9426a448d09b8a8ba7afa9ba3c3e0d39cdbb83ff
  language_server-protocol (3.17.0.5) sha256=fd1e39a51a28bf3eec959379985a72e296e9f9acfce46f6a79d31ca8760803cc
  lint_roller (1.1.0) sha256=2c0c845b632a7d172cb849cc90c1bce937a28c5c8ccccb50dfd46a485003cc87
  logger (1.7.0) sha256=196edec7cc44b66cfb40f9755ce11b392f21f7967696af15d274dde7edff0203
  lograge (0.14.0) sha256=42371a75823775f166f727639f5ddce73dd149452a55fc94b90c303213dc9ae1
  logstop (0.4.1) sha256=39c9a5e56acc54bd7afe591d4a40ace4c383ba51421d98de7fa03b34fec9e485
  loofah (2.25.1) sha256=d436c73dbd0c1147b16c4a41db097942d217303e1f7728704b37e4df9f6d2e04
  mail (2.9.0) sha256=6fa6673ecd71c60c2d996260f9ee3dd387d4673b8169b502134659ece6d34941
  marcel (1.1.0) sha256=fdcfcfa33cc52e93c4308d40e4090a5d4ea279e160a7f6af988260fa970e0bee
  matrix (0.4.3) sha256=a0d5ab7ddcc1973ff690ab361b67f359acbb16958d1dc072b8b956a286564c5b
  maxminddb (0.1.22) sha256=50933be438fbed9dceabef4163eab41884bd8830d171fdb8f739bee769c4907e
  memery (1.8.0) sha256=5165e8b1128a717059a2fa2364e064156162cab3a36a425ff89491211929b636
  method_source (1.1.0) sha256=181301c9c45b731b4769bc81e8860e72f9161ad7d66dd99103c9ab84f560f5c5
  mini_mime (1.1.5) sha256=8681b7e2e4215f2a159f9400b5816d85e9d8c6c6b491e96a12797e798f8bccef
  mini_portile2 (2.8.9) sha256=0cd7c7f824e010c072e33f68bc02d85a00aeb6fce05bb4819c03dfd3c140c289
  minitest (5.27.0) sha256=2d3b17f8a36fe7801c1adcffdbc38233b938eb0b4966e97a6739055a45fa77d5
  minitest-reporters (1.7.1) sha256=5060413a0c95b8c32fe73e0606f3631c173a884d7900e50013e15094eb50562c
  momentjs-rails (2.29.4.1) sha256=c7f9bc583872b628f8723319f4ae12a646c858c1c3ddb352bc75d5a7aa0b9e01
  msgpack (1.8.0) sha256=e64ce0212000d016809f5048b48eb3a65ffb169db22238fb4b72472fecb2d732
  multi_json (1.19.1) sha256=7aefeff8f2c854bf739931a238e4aea64592845e0c0395c8a7d2eea7fdd631b7
  mutex_m (0.3.0) sha256=cfcb04ac16b69c4813777022fdceda24e9f798e48092a2b817eb4c0a782b0751
  net-http (0.9.1) sha256=25ba0b67c63e89df626ed8fac771d0ad24ad151a858af2cc8e6a716ca4336996
  net-imap (0.6.3) sha256=9bab75f876596d09ee7bf911a291da478e0cd6badc54dfb82874855ccc82f2ad
  net-pop (0.1.2) sha256=848b4e982013c15b2f0382792268763b748cce91c9e91e36b0f27ed26420dff3
  net-protocol (0.2.2) sha256=aa73e0cba6a125369de9837b8d8ef82a61849360eba0521900e2c3713aa162a8
  net-scp (4.1.0) sha256=a99b0b92a1e5d360b0de4ffbf2dc0c91531502d3d4f56c28b0139a7c093d1a5d
  net-sftp (4.0.0) sha256=65bb91c859c2f93b09826757af11b69af931a3a9155050f50d1b06d384526364
  net-smtp (0.5.1) sha256=ed96a0af63c524fceb4b29b0d352195c30d82dd916a42f03c62a3a70e5b70736
  net-ssh (7.3.2) sha256=65029e213c380e20e5fd92ece663934ab0a0fe888e0cd7cc6a5b664074362dd4
  nio4r (2.7.5) sha256=6c90168e48fb5f8e768419c93abb94ba2b892a1d0602cb06eef16d8b7df1dca1
  nokogiri (1.19.2) sha256=38fdd8b59db3d5ea9e7dfb14702e882b9bf819198d5bf976f17ebce12c481756
  nokogiri (1.19.2-arm64-darwin) sha256=58d8ea2e31a967b843b70487a44c14c8ba1866daa1b9da9be9dbdf1b43dee205
  openssl (4.0.1) sha256=e27974136b7b02894a1bce46c5397ee889afafe704a839446b54dc81cb9c5f7d
  order_as_specified (1.7) sha256=5e4016542f0bda13bc21821021199192567c32823a22f6962bc16b3dc254ce13
  orm_adapter (0.5.0) sha256=aa5d0be5d540cbb46d3a93e88061f4ece6a25f6e97d6a47122beb84fe595e9b9
  ostruct (0.6.3) sha256=95a2ed4a4bd1d190784e666b47b2d3f078e4a9efda2fccf18f84ddc6538ed912
  overcommit (0.68.0) sha256=bfbcd26388e024e10a3d720f03077bc9389fe7c3beac360263b6c77926bcc8d0
  pagy (8.6.3) sha256=537b2ee3119f237dd6c4a0d0a35c67a77b9d91ebb9d4f85e31407c2686774fb2
  paper_trail (17.0.0) sha256=1c2842061d3874ca7015908e821e2aa14f9b982af2acb2a7974713bf79021c85
  parallel (1.27.0) sha256=4ac151e1806b755fb4e2dc2332cbf0e54f2e24ba821ff2d3dcf86bf6dc4ae130
  paranoia (3.1.0) sha256=36574a46e8df663d0da7d9008e987b72a6a9eccee13c058b7094acc810e39f52
  parser (3.3.11.1) sha256=d17ace7aabe3e72c3cc94043714be27cc6f852f104d81aa284c2281aecc65d54
  pg (1.6.3) sha256=1388d0563e13d2758c1089e35e973a3249e955c659592d10e5b77c468f628a99
  pg (1.6.3-arm64-darwin) sha256=7240330b572e6355d7c75a7de535edb5dfcbd6295d9c7777df4d9dddfb8c0e5f
  popper_js (1.16.1) sha256=6b102fb5ee86c5fa68a0c865547e66d9bf7e80a951053b21c72c3c92a587d692
  pp (0.6.3) sha256=2951d514450b93ccfeb1df7d021cae0da16e0a7f95ee1e2273719669d0ab9df6
  pretender (0.6.0) sha256=d4528df42dd0dc5424b5d077a23435341d31ddee09bc54c8301691f55afda63d
  prettyprint (0.2.0) sha256=2bc9e15581a94742064a3cc8b0fb9d45aae3d03a1baa6ef80922627a0766f193
  prism (1.9.0) sha256=7b530c6a9f92c24300014919c9dcbc055bf4cdf51ec30aed099b06cd6674ef85
  prometheus-client (4.2.5) sha256=807bebc3e92ccd9f4d814d90be15e85338f3708d227badf80924ef3f6e7d5225
  pry (0.16.0) sha256=d76c69065698ed1f85e717bd33d7942c38a50868f6b0673c636192b3d1b6054e
  pry-byebug (3.12.0) sha256=594e094ae8a8390a7ad4c7b36ae36e13304ed02664c67417d108dc5f7213d1b7
  pry-rails (0.3.11) sha256=a69e28e24a34d75d1f60bcf241192a54253f8f7ef8a62cba1e75750a9653593d
  psych (5.3.1) sha256=eb7a57cef10c9d70173ff74e739d843ac3b2c019a003de48447b2963d81b1974
  public_suffix (7.0.5) sha256=1a8bb08f1bbea19228d3bed6e5ed908d1cb4f7c2726d18bd9cadf60bc676f623
  puma (6.6.1) sha256=b9b56e4a4ea75d1bfa6d9e1972ee2c9f43d0883f011826d914e8e37b3694ea1e
  pwned (2.4.1) sha256=e375b45e1cd78aded2c923737f75e09e64bc66582142c144bd85f4ce1fa0955d
  racc (1.8.1) sha256=4a7f6929691dbec8b5209a0b373bc2614882b55fc5d2e447a21aaa691303d62f
  rack (3.1.21) sha256=285c5f228eef30dbd1dc147859a880b71bc44412fea575cc58c28797f2db9777
  rack-attack (6.8.0) sha256=f2499fdebf85bcc05573a22dff57d24305ac14ec2e4156cd3c28d47cafeeecf2
  rack-mini-profiler (4.0.1) sha256=485810c23211f908196c896ea10cad72ed68780ee2998bec1f1dfd7558263d78
  rack-session (2.1.2) sha256=595434f8c0c3473ae7d7ac56ecda6cc6dfd9d37c0b2b5255330aa1576967ffe8
  rack-test (2.2.0) sha256=005a36692c306ac0b4a9350355ee080fd09ddef1148a5f8b2ac636c720f5c463
  rackup (2.3.1) sha256=6c79c26753778e90983761d677a48937ee3192b3ffef6bc963c0950f94688868
  rails (7.2.3.1) sha256=96c0a0160081ef3f1e407438880f6194c6ec94cdf40c8f83fc7bb22c279eba94
  rails-controller-testing (1.0.5) sha256=741448db59366073e86fc965ba403f881c636b79a2c39a48d0486f2607182e94
  rails-dom-testing (2.3.0) sha256=8acc7953a7b911ca44588bf08737bc16719f431a1cc3091a292bca7317925c1d
  rails-html-sanitizer (1.7.0) sha256=28b145cceaf9cc214a9874feaa183c3acba036c9592b19886e0e45efc62b1e89
  railties (7.2.3.1) sha256=aea3393ee10243ceedcbeccb45458a0d58b524b6d21bf32eff8b93853baae15a
  rainbow (3.1.1) sha256=039491aa3a89f42efa1d6dec2fc4e62ede96eb6acd95e52f1ad581182b79bc6a
  rake (13.3.1) sha256=8c9e89d09f66a26a01264e7e3480ec0607f0c497a861ef16063604b1b08eb19c
  rdoc (7.2.0) sha256=8650f76cd4009c3b54955eb5d7e3a075c60a57276766ebf36f9085e8c9f23192
  recursive-open-struct (1.3.1) sha256=141b4a9c8817bb30f4275c5adb1b5bebaba41bf9b7dd6d6a75ad394390ad8720
  redcarpet (3.6.1) sha256=d444910e6aa55480c6bcdc0cdb057626e8a32c054c29e793fa642ba2f155f445
  redis (5.4.1) sha256=b5e675b57ad22b15c9bcc765d5ac26f60b675408af916d31527af9bd5a81faae
  redis-client (0.28.0) sha256=888892f9cd8787a41c0ece00bdf5f556dfff7770326ce40bb2bc11f1bfec824b
  regexp_parser (2.11.3) sha256=ca13f381a173b7a93450e53459075c9b76a10433caadcb2f1180f2c741fc55a4
  reline (0.6.3) sha256=1198b04973565b36ec0f11542ab3f5cfeeec34823f4e54cebde90968092b1835
  request_store (1.7.0) sha256=e1b75d5346a315f452242a68c937ef8e48b215b9453a77a6c0acdca2934c88cb
  responders (3.2.0) sha256=89c2d6ac0ae16f6458a11524cae4a8efdceba1a3baea164d28ee9046bd3df55a
  rexml (3.4.4) sha256=19e0a2c3425dfbf2d4fc1189747bdb2f849b6c5e74180401b15734bc97b5d142
  roda (3.102.0) sha256=b2156fff6d2b1b52bfac39e4ccde0d820a26594f069c3d9e99cc0853f7ee7dcc
  roo (3.0.0) sha256=6fdd7a9158d657c69768b4168754ff2110cc21fdc01a1bec1010820cb05c91b1
  rspec-core (3.13.6) sha256=a8823c6411667b60a8bca135364351dda34cd55e44ff94c4be4633b37d828b2d
  rspec-expectations (3.13.5) sha256=33a4d3a1d95060aea4c94e9f237030a8f9eae5615e9bd85718fe3a09e4b58836
  rspec-mocks (3.13.8) sha256=086ad3d3d17533f4237643de0b5c42f04b66348c28bf6b9c2d3f4a3b01af1d47
  rspec-rails (8.0.4) sha256=06235692fc0892683d3d34977e081db867434b3a24ae0dd0c6f3516bad4e22df
  rspec-support (3.13.7) sha256=0640e5570872aafefd79867901deeeeb40b0c9875a36b983d85f54fb7381c47c
  rubocop (1.86.0) sha256=4ff1186fe16ebe9baff5e7aad66bb0ad4cabf5cdcd419f773146dbba2565d186
  rubocop-ast (1.49.1) sha256=4412f3ee70f6fe4546cc489548e0f6fcf76cafcfa80fa03af67098ffed755035
  rubocop-faker (1.3.0) sha256=cb9ac132d44f9d2db6d5f9f8f5714700bf4d272cbaef5bce4052f4270fdc5c9b
  rubocop-rails (2.34.3) sha256=10d37989024865ecda8199f311f3faca990143fbac967de943f88aca11eb9ad2
  rubocop-rspec (3.9.0) sha256=8fa70a3619408237d789aeecfb9beef40576acc855173e60939d63332fdb55e2
  ruby-next-core (1.2.0) sha256=f6a7d00bb5186cecbb02f7f1845a0f3a2c9788d35b6ccff5c9be3f0d46799b86
  ruby-prof (2.0.4) sha256=42190ff6870e055a9d58b39df63e83442113ef7169c0e27b599942c3f15d1435
  ruby-progressbar (1.13.0) sha256=80fc9c47a9b640d6834e0dc7b3c94c9df37f08cb072b7761e4a71e22cff29b33
  ruby_parser (3.22.0) sha256=1eb4937cd9eb220aa2d194e352a24dba90aef00751e24c8dfffdb14000f15d23
  rubyzip (3.2.2) sha256=c0ed99385f0625415c8f05bcae33fe649ed2952894a95ff8b08f26ca57ea5b3c
  sassc (2.4.0) sha256=4c60a2b0a3b36685c83b80d5789401c2f678c1652e3288315a1551d811d9f83e
  sassc-rails (2.1.2) sha256=5f4fdf3881fc9bdc8e856ffbd9850d70a2878866feae8114aa45996179952db5
  securerandom (0.4.1) sha256=cc5193d414a4341b6e225f0cb4446aceca8e50d5e1888743fac16987638ea0b1
  sentry-rails (5.28.1) sha256=43a5f884622c60fa459ba05dc8bd22fbd5f28daaced1d00dbcfc4669eaf93807
  sentry-ruby (5.28.1) sha256=1162d474271e8b82202c984b1116db234007a084c5b73293e921468898d07e99
  sexp_processor (4.17.5) sha256=ae2b48ba98353d5d465ce8759836b7a05f2e12c5879fcd14d7815b026de32f0e
  shoulda-matchers (7.0.1) sha256=b4bfd8744c10e0a36c8ac1a687f921ee7e25ed529e50488d61b79a8688749c77
  simple_form (5.4.1) sha256=58c3d229034c7e5545035c3271b6f030ef730c340b9d7d8eb730e0a385b20808
  simpleidn (0.2.3) sha256=08ce96f03fa1605286be22651ba0fc9c0b2d6272c9b27a260bc88be05b0d2c29
  slack-notifier (2.4.0) sha256=cd9aba3f5f3e6227f73df1f6a33ac6c127c5fac35b513b86b7ba900cd98d2b00
  sprockets (4.2.2) sha256=761e5a49f1c288704763f73139763564c845a8f856d52fba013458f8af1b59b1
  sprockets-rails (3.5.2) sha256=a9e88e6ce9f8c912d349aa5401509165ec42326baf9e942a85de4b76dbc4119e
  sshkit (1.25.0) sha256=c8c6543cdb60f91f1d277306d585dd11b6a064cb44eab0972827e4311ff96744
  stringio (3.2.0) sha256=c37cb2e58b4ffbd33fe5cd948c05934af997b36e0b6ca6fdf43afa234cf222e1
  temple (0.10.4) sha256=b7a1e94b6f09038ab0b6e4fe0126996055da2c38bec53a8a336f075748fff72c
  terser (1.2.7) sha256=1b12eb49769dadac44caac3485b38928ff4ab435f1bbbacfe8048cff84c6aa1b
  thor (1.5.0) sha256=e3a9e55fe857e44859ce104a84675ab6e8cd59c650a49106a05f55f136425e73
  thread_safe (0.3.6) sha256=9ed7072821b51c57e8d6b7011a8e282e25aeea3a4065eab326e43f66f063b05a
  tilt (2.7.0) sha256=0d5b9ba69f6a36490c64b0eee9f6e9aad517e20dcc848800a06eb116f08c6ab3
  timeout (0.6.1) sha256=78f57368a7e7bbadec56971f78a3f5ecbcfb59b7fcbb0a3ed6ddc08a5094accb
  todo_or_die (0.1.1) sha256=0a3d51b664367e48d8c6c49c21aa111bc1bbea13a0cdfd9dd5fc2e2066df948b
  tsort (0.2.0) sha256=9650a793f6859a43b6641671278f79cfead60ac714148aabe4e3f0060480089f
  tzinfo (2.0.6) sha256=8daf828cc77bcf7d63b0e3bdb6caa47e2272dcfaf4fbfe46f8c3a9df087a829b
  unicode-display_width (3.2.0) sha256=0cdd96b5681a5949cdbc2c55e7b420facae74c4aaf9a9815eee1087cb1853c42
  unicode-emoji (4.2.0) sha256=519e69150f75652e40bf736106cfbc8f0f73aa3fb6a65afe62fefa7f80b0f80f
  uri (1.1.1) sha256=379fa58d27ffb1387eaada68c749d1426738bd0f654d812fcc07e7568f5c57c6
  useragent (0.16.11) sha256=700e6413ad4bb954bb63547fa098dddf7b0ebe75b40cc6f93b8d54255b173844
  validate_url (1.0.15) sha256=72fe164c0713d63a9970bd6700bea948babbfbdcec392f2342b6704042f57451
  validates_email_format_of (1.8.2) sha256=e2dfcf3e933547d06c41dacf066c7b07614819439c8780c3a2521ce047052577
  virtus (2.0.0) sha256=8841dae4eb7fcc097320ba5ea516bf1839e5d056c61ee27138aa4bddd6e3d1c2
  warden (1.2.9) sha256=46684f885d35a69dbb883deabf85a222c8e427a957804719e143005df7a1efd0
  warning (1.5.0) sha256=0f12c49fea0c06757778eefdcc7771e4fd99308901e3d55c504d87afdd718c53
  web-console (4.2.1) sha256=e7bcf37a10ea2b4ec4281649d1cee461b32232d0a447e82c786e6841fd22fe20
  websocket-driver (0.8.0) sha256=ed0dba4b943c22f17f9a734817e808bc84cdce6a7e22045f5315aa57676d4962
  websocket-extensions (0.1.5) sha256=1c6ba63092cda343eb53fc657110c71c754c56484aad42578495227d717a8241
  whenever (1.1.2) sha256=af139a25cf6b5c7d2122686724c0b9a4a7495135a1f79a404e29f4cce48abd83
  with_advisory_lock (7.5.0) sha256=dadb2f1ed35a10ed7b9649a6769e6848bc64f735a85eb8a6e162a81d383a15bf
  xlsxtream (3.1.0) sha256=68ce0cac504d86beb9bc626defd5977146c68e5ca2a4ab76c5c61c48e0a66fcd
  xpath (3.2.0) sha256=6dfda79d91bb3b949b947ecc5919f042ef2f399b904013eb3ef6d20dd3a4082e
  yabeda (0.16.0) sha256=7f6e51acd7d9a51d850ea8c3844f72a24882f1312b3fc3836052bcd63d384cba
  yabeda-prometheus (0.9.1) sha256=b87d80cae8cffbeb527c25d288eafa8eed9c1fb56cf49616db5c8611768cd5fd
  yabeda-puma-plugin (0.9.0) sha256=b78673ecc7ee30bc50691ddc41b7022c1c1801843900d5101418f4a14b550bc8
  yabeda-rails (0.11.0) sha256=afa2581bd44c8f419cb3f2bbf9f6fb40f817c30476f7caf5d1c55c48d69a5b29
  yajl-ruby (1.4.3) sha256=8c974d9c11ae07b0a3b6d26efea8407269b02e4138118fbe3ef0d2ec9724d1d2
  yaml-safe_load_stream3 (0.1.2) sha256=fd4f63ffe57e65ec8fd5a314064151f843e83239ff87bfc6b2fdbdba81e7e481
  zeitwerk (2.7.5) sha256=d8da92128c09ea6ec62c949011b00ed4a20242b255293dd66bf41545398f73dd
  zip_kit (6.3.4) sha256=407c6d39feef818678fae2d129077bd2f920c9806072af3482e671eeae3c48ea

BUNDLED WITH
   2.7.1
